// !$*UTF8*$!
{
	archiveVersion = 1;
	classes = {
	};
	objectVersion = 77;
	objects = {

/* Begin PBXBuildFile section */
		013A7F75B09C430AB1EE40154700DAAB /* DiaryDailySummaryCard.swift in Sources */ = {isa = PBXBuildFile; fileRef = EE1E506F81E64504BA776F466B03D0BC /* DiaryDailySummaryCard.swift */; };
		04FCA287EF973A67D3EC636D /* OnboardingTheme.swift in Sources */ = {isa = PBXBuildFile; fileRef = AEB26CC91C3113543F557B3F /* OnboardingTheme.swift */; };
		0C4551C5730A736215535EFD /* UseByFoodDetailRedesigned.swift in Sources */ = {isa = PBXBuildFile; fileRef = 4AE96932D3803B6EDA7CC603 /* UseByFoodDetailRedesigned.swift */; };
		137DEFF6ED4844EDAB7A2667 /* NutraSafe Beta/Utils/PrivacyLogger.swift in Sources */ = {isa = PBXBuildFile; fileRef = 18D010044E9A4163897EA548 /* NutraSafe Beta/Utils/PrivacyLogger.swift */; };
		170B8500767E821043D1D6E5 /* FastingPlanViews.swift in Sources */ = {isa = PBXBuildFile; fileRef = A4CC825B3113A674F68A6B62 /* FastingPlanViews.swift */; };
		17BDBE5F1F972B8D2A455AC1 /* OrganicShapes.swift in Sources */ = {isa = PBXBuildFile; fileRef = 8777C7021556545BB35DF7D8 /* OrganicShapes.swift */; };
		1844CFD1E3BF18E3B1F4B94C /* FastingService.swift in Sources */ = {isa = PBXBuildFile; fileRef = 8F10FFBFB4E351F43FDBC8F2 /* FastingService.swift */; };
		226CBF05F11F465EB3B00335 /* NutraSafe Beta/Utils/SecureStorage.swift in Sources */ = {isa = PBXBuildFile; fileRef = B2E3B509554C438DB764FD12 /* NutraSafe Beta/Utils/SecureStorage.swift */; };
		24D3ACC266DD4F91AE1F1045B7BE8F34 /* BarcodeScanningViews.swift in Sources */ = {isa = PBXBuildFile; fileRef = 35D2ABE73E734F6F8D147178AE588182 /* BarcodeScanningViews.swift */; };
		25DFD742946D899129F72798 /* NutraSafe Beta/Views/Diary/DiaryMetricCards.swift in Sources */ = {isa = PBXBuildFile; fileRef = EE66DFC8777762545539ED47 /* NutraSafe Beta/Views/Diary/DiaryMetricCards.swift */; };
		26E954E4A2634655AB0F1224 /* FoodDetailViewFromSearch.swift in Sources */ = {isa = PBXBuildFile; fileRef = FF612B9BEC774EC78502B67C /* FoodDetailViewFromSearch.swift */; };
		27GRADEINFO001BUILD /* NutraSafeGradeInfoView.swift in Sources */ = {isa = PBXBuildFile; fileRef = 27GRADEINFO001FILE /* NutraSafeGradeInfoView.swift */; };
		2826897CF17548B7F1D72811 /* FoodDetailNutritionCard.swift in Sources */ = {isa = PBXBuildFile; fileRef = CD5CAC64039C124DB4C5EAF5 /* FoodDetailNutritionCard.swift */; };
		28291D8E59C24DBEEC0CB4B3 /* SearchNormalization.swift in Sources */ = {isa = PBXBuildFile; fileRef = A6EF393E4B5FC384966969A5 /* SearchNormalization.swift */; };
		2B7CC4E96CFBEE795ABD9951 /* NutraSafeTipRow.swift in Sources */ = {isa = PBXBuildFile; fileRef = A5F369E2FD255D512AAE952A /* NutraSafeTipRow.swift */; };
		2D021CE0E8AFA51E9667F28B /* InferredIngredientsSheet.swift in Sources */ = {isa = PBXBuildFile; fileRef = 90ACAE8BE5C254A22D04F05D /* InferredIngredientsSheet.swift */; };
		2DA31381E3C0ED7887D04FBF /* PremiumOnboardingView.swift in Sources */ = {isa = PBXBuildFile; fileRef = B3E4B540312BF3B1C1A18C6B /* PremiumOnboardingView.swift */; };
		3AB0945DA7E34CDA8CF326D8 /* NutraSafe Beta/Views/Diary/DiaryComponents.swift in Sources */ = {isa = PBXBuildFile; fileRef = FA2F7F8ABA91448198A8CB77 /* NutraSafe Beta/Views/Diary/DiaryComponents.swift */; };
		3B8228DB0918054597694FC4 /* MicronutrientDashboard.swift in Sources */ = {isa = PBXBuildFile; fileRef = 151F33BF94E6DC1B4BA66ED0 /* MicronutrientDashboard.swift */; };
		3CD5ED2A7009D5658CCE69B2 /* FoodDetailWatchTabsView.swift in Sources */ = {isa = PBXBuildFile; fileRef = 6B65061DE906BF3F74DFED9F /* FoodDetailWatchTabsView.swift */; };
		41A03AB7C02C3A4AA790DE89 /* micronutrients_ingredients_v6.db in Resources */ = {isa = PBXBuildFile; fileRef = E0A83747E86992873B8D9E2B /* micronutrients_ingredients_v6.db */; };
		42B4CA708B0E403EAFFD2EED /* NutrientCacheActor.swift in Sources */ = {isa = PBXBuildFile; fileRef = 0CD400E363874479B2EC2A32 /* NutrientCacheActor.swift */; };
		44D4C7FE8AA62D4D81116871 /* FastingConfirmationSheet.swift in Sources */ = {isa = PBXBuildFile; fileRef = E4E289D96672BF3F6322CE44 /* FastingConfirmationSheet.swift */; };
		48DCC14357C3D077D4224FD2 /* AdditiveTrackerView.swift in Sources */ = {isa = PBXBuildFile; fileRef = 760CD77654AC93ADD8BE558E /* AdditiveTrackerView.swift */; };
		4F8520E48696407F923B1DDE /* CitationManager.swift in Sources */ = {isa = PBXBuildFile; fileRef = BA25CC3104894F129803B0E8 /* CitationManager.swift */; };
		5339D3CE880E41C08133A8E0 /* NutraSafe Beta/Utils/DateHelper.swift in Sources */ = {isa = PBXBuildFile; fileRef = 52B8A5EC55614642B91A36C9 /* NutraSafe Beta/Utils/DateHelper.swift */; };
		5499F48301DC4732BB15091B /* FoodManagementViews.swift in Sources */ = {isa = PBXBuildFile; fileRef = EF86AB54327E46EA98DD76AB /* FoodManagementViews.swift */; };
		55B790C73CA449989621A55B /* NutraSafe Beta/Models/ReactionLogModels.swift in Sources */ = {isa = PBXBuildFile; fileRef = 0D000C42332246F4A41D879A /* NutraSafe Beta/Models/ReactionLogModels.swift */; };
		57D39094D959418DBEA2559C /* NutraSafe Beta/Managers/ReactionLogManager.swift in Sources */ = {isa = PBXBuildFile; fileRef = 2748185AC3934123A2EE1CEC /* NutraSafe Beta/Managers/ReactionLogManager.swift */; };
		5909E6FFD2AA46A8BBE0B1B95CCF4F94 /* AdditiveAnalysisViews.swift in Sources */ = {isa = PBXBuildFile; fileRef = BAE7C57B63B8447E8E45151CDF47A83C /* AdditiveAnalysisViews.swift */; };
		59D0F3E5614E7E4490E26820 /* AdditivePatternView.swift in Sources */ = {isa = PBXBuildFile; fileRef = BE516BF2910C033F34DBE349 /* AdditivePatternView.swift */; };
		5ACAC92CF0C24FA7A04AEB4F /* NutraSafe Beta/Views/Components/CustomTabBar.swift in Sources */ = {isa = PBXBuildFile; fileRef = 493422FA56E54C918E7155AD /* NutraSafe Beta/Views/Components/CustomTabBar.swift */; };
		5C276317BD666021E0680AC7 /* AppDesignSystem.swift in Sources */ = {isa = PBXBuildFile; fileRef = 6E7842ED57ED61E938E78541 /* AppDesignSystem.swift */; };
		5DD311A374D74AC2BADCADC2 /* DiaryTabView.swift in Sources */ = {isa = PBXBuildFile; fileRef = 43138BC44E1C41359750CBA3 /* DiaryTabView.swift */; };
		5ECB934A5DD68AD8E7E741B0 /* FastingViewModel.swift in Sources */ = {isa = PBXBuildFile; fileRef = 228D242316D31225D242081F /* FastingViewModel.swift */; };
		6522431C8ACB43E0B081B459 /* NutraSafe Beta/Utils/NutritionValidator.swift in Sources */ = {isa = PBXBuildFile; fileRef = 9DE8FF1321AD41AE8218BF92 /* NutraSafe Beta/Utils/NutritionValidator.swift */; };
		6E87137381554C34FDC70BAE /* NutraSafeComponents.swift in Sources */ = {isa = PBXBuildFile; fileRef = 33B4B31B7774BE3AE3988004 /* NutraSafeComponents.swift */; };
		6FD7402BCD964514A0EFBAC97296E211 /* ingredients_consolidated.json in Resources */ = {isa = PBXBuildFile; fileRef = 9EA48F8E27E84D79BCB731AA447430AB /* ingredients_consolidated.json */; };
		339815FB4B854B9ABFE4557E77BC3F13 /* ingredients_comprehensive.json in Resources */ = {isa = PBXBuildFile; fileRef = 865485DE144543A4B6190ACA582146C8 /* ingredients_comprehensive.json */; };
		71B4756E80AC49019B62DD26BC7FC2D9 /* NutraSafe Beta/ultra_processed_ingredients.json in Resources */ = {isa = PBXBuildFile; fileRef = D0FEC9B4AA084ED5BF9A4E53858FE767 /* NutraSafe Beta/ultra_processed_ingredients.json */; };
		72A23DAA2D85142593865470 /* UseByQuickAddRedesigned.swift in Sources */ = {isa = PBXBuildFile; fileRef = 3356CF9900A78308205C6568 /* UseByQuickAddRedesigned.swift */; };
		73C56727E489A7AACBFA399E /* DiarySegmentedControl.swift in Sources */ = {isa = PBXBuildFile; fileRef = 9EA14171316486136D376E50 /* DiarySegmentedControl.swift */; };
		79517406CCBD54CFEC482DB9 /* NutrientTrackingModels.swift in Sources */ = {isa = PBXBuildFile; fileRef = 40A9E8C4089D4E1EF9BCBAD1 /* NutrientTrackingModels.swift */; };
		7B541C601DBA40B089B6FB04 /* NutraSafe Beta/Views/Components/AddActionMenu.swift in Sources */ = {isa = PBXBuildFile; fileRef = 98B68ABA9D7B4CBCB6E31FC7 /* NutraSafe Beta/Views/Components/AddActionMenu.swift */; };
		7BF76159A2A740F391B5A911 /* NutraSafe Beta/Utils/FirestoreTransactionHelper.swift in Sources */ = {isa = PBXBuildFile; fileRef = C66F1A0043C040B68C17D123 /* NutraSafe Beta/Utils/FirestoreTransactionHelper.swift */; };
		7FDF9EAC1D6C21BCED86078E /* FastingEducationView.swift in Sources */ = {isa = PBXBuildFile; fileRef = D3F02B35EB79BB96AD3D3301 /* FastingEducationView.swift */; };
		8699C16F52A0459784A27CD7D0AF30C9 /* FoodTabViews.swift in Sources */ = {isa = PBXBuildFile; fileRef = B1E4A63C54154D289C990AE1BEA07BB8 /* FoodTabViews.swift */; };
		877D92C3CF734C0CA4E19D2F /* NutraSafe Beta/Utils/AppConstants.swift in Sources */ = {isa = PBXBuildFile; fileRef = 8F5A6F0D63BA4C07B7D06EA6 /* NutraSafe Beta/Utils/AppConstants.swift */; };
		8C04CDFED59699D90D63C586 /* LogWeightView.swift in Sources */ = {isa = PBXBuildFile; fileRef = 0FC6F3CD35A6B2596A3337BA /* LogWeightView.swift */; };
		93A33269CDCAB100C4C60379 /* MicronutrientScoringModels.swift in Sources */ = {isa = PBXBuildFile; fileRef = B4C4FD21E58EE1B4FF761877 /* MicronutrientScoringModels.swift */; };
		947EE7E17360015FB3D6CA3A /* AdditiveTrackerViewModel.swift in Sources */ = {isa = PBXBuildFile; fileRef = 7CE2465CED35D0FAE99CCB17 /* AdditiveTrackerViewModel.swift */; };
		95E64F490F3DB1B31AF866CB /* AdditiveRedesignedViews.swift in Sources */ = {isa = PBXBuildFile; fileRef = CAEE86912A424375B407BE0B /* AdditiveRedesignedViews.swift */; };
		99761F32D25B9DA7ED306333 /* AddFoodManualViews.swift in Sources */ = {isa = PBXBuildFile; fileRef = B799554ABB0D79AAB6F4E64B /* AddFoodManualViews.swift */; };
		99C873C9DCA241B8B3F6C5CA /* FoodSearchViews.swift in Sources */ = {isa = PBXBuildFile; fileRef = F424654E4CD941D1B3565C0B /* FoodSearchViews.swift */; };
		"9E5CB88F-07E2-4BD1-9C28-" /* FastingCitationsView.swift in Sources */ = {isa = PBXBuildFile; fileRef = "800A45E9-3EDE-4391-B526-" /* FastingCitationsView.swift */; };
		A1234567890123456789012301 /* NutraSafeBetaApp.swift in Sources */ = {isa = PBXBuildFile; fileRef = A1234567890123456789012001 /* NutraSafeBetaApp.swift */; };
		A1234567890123456789012302 /* ContentView.swift in Sources */ = {isa = PBXBuildFile; fileRef = A1234567890123456789012002 /* ContentView.swift */; };
		A1234567890123456789012303 /* Assets.xcassets in Resources */ = {isa = PBXBuildFile; fileRef = A1234567890123456789012003 /* Assets.xcassets */; };
		A1234567890123456789012305 /* FirebaseManager.swift in Sources */ = {isa = PBXBuildFile; fileRef = A1234567890123456789012011 /* FirebaseManager.swift */; };
		A1234567890123456789012306 /* GoogleService-Info.plist in Resources */ = {isa = PBXBuildFile; fileRef = A1234567890123456789012012 /* GoogleService-Info.plist */; };
		A1234567890123456789012307 /* HealthKitManager.swift in Sources */ = {isa = PBXBuildFile; fileRef = A1234567890123456789012013 /* HealthKitManager.swift */; };
		A1B31A3BE469C0DBE4BF2B99 /* NutrientGapsView.swift in Sources */ = {isa = PBXBuildFile; fileRef = 58C0E084EB93A5E882900C67 /* NutrientGapsView.swift */; };
		A385B4FE22517BF74B8A582F /* NutrientTrackingTypes.swift in Sources */ = {isa = PBXBuildFile; fileRef = F6794A3B8C5E40B74BFFC944 /* NutrientTrackingTypes.swift */; };
		A4F3F73658E143099BDCA612 /* NutraSafe Beta/Configuration/AppConfig.swift in Sources */ = {isa = PBXBuildFile; fileRef = 22C6BF8B3C55423CB194379A /* NutraSafe Beta/Configuration/AppConfig.swift */; };
		AB13BC192EAE215A00C7B892 /* AIMicronutrientParser.swift in Sources */ = {isa = PBXBuildFile; fileRef = AB13BC172EAE215A00C7B892 /* AIMicronutrientParser.swift */; };
		AB13BC1A2EAE215A00C7B892 /* IngredientMicronutrientParser.swift in Sources */ = {isa = PBXBuildFile; fileRef = AB13BC182EAE215A00C7B892 /* IngredientMicronutrientParser.swift */; };
		AB13BC1C2EAE253100C7B892 /* FirebaseFunctions in Frameworks */ = {isa = PBXBuildFile; productRef = AB13BC1B2EAE253100C7B892 /* FirebaseFunctions */; };
		AB1BF6492ED3B3E6004EA968 /* FastingActionSheet.swift in Sources */ = {isa = PBXBuildFile; fileRef = AB1BF6482ED3B3E6004EA968 /* FastingActionSheet.swift */; };
		AB1BF64A2ED3B400004EA968 /* StaleSessionRecoverySheet.swift in Sources */ = {isa = PBXBuildFile; fileRef = AB1BF64B2ED3B400004EA968 /* StaleSessionRecoverySheet.swift */; };
		AB4B75A72E72DEF60058DCD3 /* FirebaseAuth in Frameworks */ = {isa = PBXBuildFile; productRef = AB4B75A62E72DEF60058DCD3 /* FirebaseAuth */; };
		AB4B75A92E72DEFC0058DCD3 /* FirebaseCore in Frameworks */ = {isa = PBXBuildFile; productRef = AB4B75A82E72DEFC0058DCD3 /* FirebaseCore */; };
		AB4B75AB2E72DF020058DCD3 /* FirebaseFirestore in Frameworks */ = {isa = PBXBuildFile; productRef = AB4B75AA2E72DF020058DCD3 /* FirebaseFirestore */; };
		AB4B75AD2E72DF080058DCD3 /* FirebaseStorage in Frameworks */ = {isa = PBXBuildFile; productRef = AB4B75AC2E72DF080058DCD3 /* FirebaseStorage */; };
		AB6974AC2F1E3A7100F4D7DE /* FirebaseAnalytics in Frameworks */ = {isa = PBXBuildFile; productRef = AB6974AB2F1E3A7100F4D7DE /* FirebaseAnalytics */; };
		AB6A8F070FF14DC49BA4BC80 /* NutraSafe Beta/Utils/ReactionPDFExporter.swift in Sources */ = {isa = PBXBuildFile; fileRef = CF1C3CB3424C495E9408953D /* NutraSafe Beta/Utils/ReactionPDFExporter.swift */; };
		AB7C5AF12F242770001E7365 /* FastingAccessoryInlineWidget.swift in Sources */ = {isa = PBXBuildFile; fileRef = AB7C5AF02F242770001E7365 /* FastingAccessoryInlineWidget.swift */; };
		AB9A79F62ECA773F00F7354A /* FastingSourcesView.swift in Sources */ = {isa = PBXBuildFile; fileRef = AB9A79F52ECA773F00F7354A /* FastingSourcesView.swift */; };
		ABA33D772F23000A006E4834 /* WidgetKit.framework in Frameworks */ = {isa = PBXBuildFile; fileRef = ABA33D762F23000A006E4834 /* WidgetKit.framework */; };
		ABA33D792F23000A006E4834 /* SwiftUI.framework in Frameworks */ = {isa = PBXBuildFile; fileRef = ABA33D782F23000A006E4834 /* SwiftUI.framework */; };
		ABA33D882F23000C006E4834 /* NutraSafeWidgetsExtension.appex in Embed Foundation Extensions */ = {isa = PBXBuildFile; fileRef = ABA33D752F23000A006E4834 /* NutraSafeWidgetsExtension.appex */; settings = {ATTRIBUTES = (RemoveHeadersOnCopy, ); }; };
		ABB0AEFA2EAC3F14009F044D /* StoreKit.framework in Frameworks */ = {isa = PBXBuildFile; fileRef = ABB0AEF92EAC3F13009F044D /* StoreKit.framework */; };
		ABC1D3B02EAD665E00518F41 /* NutraSafe.storekit in Resources */ = {isa = PBXBuildFile; fileRef = ABC1D3AF2EAD665E00518F41 /* NutraSafe.storekit */; };
		ABCDD6892EB51DEE0085890E /* WeeklySummarySheet.swift in Sources */ = {isa = PBXBuildFile; fileRef = ABCDD6882EB51DEE0085890E /* WeeklySummarySheet.swift */; };
		ALGOLIA001BUILD /* Managers/AlgoliaSearchManager.swift in Sources */ = {isa = PBXBuildFile; fileRef = ALGOLIA001FILE /* Managers/AlgoliaSearchManager.swift */; };
		ANALYTICS001BUILD /* Managers/AnalyticsManager.swift in Sources */ = {isa = PBXBuildFile; fileRef = ANALYTICS001FILE /* Managers/AnalyticsManager.swift */; };
		ANALYTICS002BUILD /* (null) in Frameworks */ = {isa = PBXBuildFile; };
		AUTH1234567890123456789001 /* AuthenticationView.swift in Sources */ = {isa = PBXBuildFile; fileRef = AUTH1234567890123456789002 /* AuthenticationView.swift */; };
		B1234567890123456789CM02 /* CoreModels.swift in Sources */ = {isa = PBXBuildFile; fileRef = B1234567890123456789CM01 /* CoreModels.swift */; };
		B1234567890123456789FA02 /* FastingModels.swift in Sources */ = {isa = PBXBuildFile; fileRef = B1234567890123456789FA01 /* FastingModels.swift */; };
		B1234567890123456789FS02 /* FoodSafetyModels.swift in Sources */ = {isa = PBXBuildFile; fileRef = B1234567890123456789FS01 /* FoodSafetyModels.swift */; };
		B1234567890123456789HM02 /* HealthKitModels.swift in Sources */ = {isa = PBXBuildFile; fileRef = B1234567890123456789HM01 /* HealthKitModels.swift */; };
		B1234567890123456789NM02 /* NutritionModels.swift in Sources */ = {isa = PBXBuildFile; fileRef = B1234567890123456789NM01 /* NutritionModels.swift */; };
		B1234567890123456789SE02 /* SearchModels.swift in Sources */ = {isa = PBXBuildFile; fileRef = B1234567890123456789SE01 /* SearchModels.swift */; };
		B1234567890123456789SM02 /* ScoringModels.swift in Sources */ = {isa = PBXBuildFile; fileRef = B1234567890123456789SM01 /* ScoringModels.swift */; };
		B1234567890123456789UM02 /* UserModels.swift in Sources */ = {isa = PBXBuildFile; fileRef = B1234567890123456789UM01 /* UserModels.swift */; };
		B5CB939963239BE0F60270BD /* FoodDetailScoresView.swift in Sources */ = {isa = PBXBuildFile; fileRef = 42B6381F4E84BD92F3DDA90A /* FoodDetailScoresView.swift */; };
		B8C6385939B44D77AA09BE43 /* NutraSafe Beta/Views/Components/ActionButtons.swift in Sources */ = {isa = PBXBuildFile; fileRef = C0D23EEA8C59479AB6188B94 /* NutraSafe Beta/Views/Components/ActionButtons.swift */; };
		B9AC0B956B3045128E12E890 /* AddFoodAIView.swift in Sources */ = {isa = PBXBuildFile; fileRef = FEAB7CC556B14207BD435571 /* AddFoodAIView.swift */; };
		B9E69A3D4385429DA8CB3239 /* FastingEarlyEndViews.swift in Sources */ = {isa = PBXBuildFile; fileRef = 3904D5585038499D93BAFF26 /* FastingEarlyEndViews.swift */; };
		BD5505ECF57D77BFB7EA2A97 /* MicronutrientDatabase.swift in Sources */ = {isa = PBXBuildFile; fileRef = 3A54BFFF132CC2A8F263644F /* MicronutrientDatabase.swift */; };
		BE43B1A4B3D845F3E0BC73CC /* NutrientDetailModal.swift in Sources */ = {isa = PBXBuildFile; fileRef = 4EDD7105BF741325DAC10A12 /* NutrientDetailModal.swift */; };
		BF231388045111DFD57DEE3C /* FastingMainView.swift in Sources */ = {isa = PBXBuildFile; fileRef = 30B4E72CAAA222A7D0ACC1ED /* FastingMainView.swift */; };
		BGTASKMGR001BLD /* Managers/BackgroundTaskManager.swift in Sources */ = {isa = PBXBuildFile; fileRef = BGTASKMGR001REF /* Managers/BackgroundTaskManager.swift */; };
		C1D4E6259B6DDC850735FACC /* MicronutrientTrackingManager.swift in Sources */ = {isa = PBXBuildFile; fileRef = 57546E11975DA5FBEF0A2680 /* MicronutrientTrackingManager.swift */; };
		C83CC72A7D464E1685D1143F /* SettingsView.swift in Sources */ = {isa = PBXBuildFile; fileRef = 95FB33855679471485B474B4 /* SettingsView.swift */; };
		C973728D093909131FEA7C28 /* AdditiveResearchDatabase.swift in Sources */ = {isa = PBXBuildFile; fileRef = 255F2A77F20A80EFD7044E0F /* AdditiveResearchDatabase.swift */; };
		CACHEMGR001BUILD /* NutraSafe Beta/Utils/CacheManager.swift in Sources */ = {isa = PBXBuildFile; fileRef = CACHEMGR001FILE /* NutraSafe Beta/Utils/CacheManager.swift */; };
		CREATEMEALVIEW001BUILD /* CreateMealView.swift in Sources */ = {isa = PBXBuildFile; fileRef = CREATEMEALVIEW001FILE /* CreateMealView.swift */; };
		D0A8A48A748A347D14A7EB37 /* MicronutrientTimelineView.swift in Sources */ = {isa = PBXBuildFile; fileRef = 4EBE697EABA1800E1CF7758D /* MicronutrientTimelineView.swift */; };
		DB01DIARY000CACHE000ACTOR /* DiaryCacheActor.swift in Sources */ = {isa = PBXBuildFile; fileRef = DC01DIARY000CACHE000ACTOR /* DiaryCacheActor.swift */; };
		DB02WEEKD000CACHE000ACTOR /* WeekDataCache.swift in Sources */ = {isa = PBXBuildFile; fileRef = DC02WEEKD000CACHE000ACTOR /* WeekDataCache.swift */; };
		DEBOUNCER001BLD /* Utilities/Debouncer.swift in Sources */ = {isa = PBXBuildFile; fileRef = DEBOUNCER001REF /* Utilities/Debouncer.swift */; };
		DIETREDESIGN001BUILD /* DietManagementRedesign.swift in Sources */ = {isa = PBXBuildFile; fileRef = DIETREDESIGN001FILE /* DietManagementRedesign.swift */; };
		E0D7A2553A41000A8C20AA18 /* FastingLiveActivity.swift in Sources */ = {isa = PBXBuildFile; fileRef = D2B222B37C6C811A1DA830D7 /* FastingLiveActivity.swift */; };
		EC0CE2C1561B24FEFEEB9408 /* UseByNotificationManager.swift in Sources */ = {isa = PBXBuildFile; fileRef = 025E4F9F2ED6507377598194 /* UseByNotificationManager.swift */; };
		EXT0NBOARD001BUILD /* ExtendedOnboardingScreens.swift in Sources */ = {isa = PBXBuildFile; fileRef = EXT0NBOARD001FILE /* ExtendedOnboardingScreens.swift */; };
		F10BA9CAF86B4921A3EDDBEC /* AdditivePatternViewRedesigned.swift in Sources */ = {isa = PBXBuildFile; fileRef = 8D112AEB6222C2637BF67CAA /* AdditivePatternViewRedesigned.swift */; };
		F274CF78968B4290ADA3C260F96936CE /* UseByTabViews.swift in Sources */ = {isa = PBXBuildFile; fileRef = D4841D8FB19F4A7091A7DD0A429B645E /* UseByTabViews.swift */; };
		BD0A80E21D2F4DCE819D1014CE67E65C /* UseByMainViewRedesigned.swift in Sources */ = {isa = PBXBuildFile; fileRef = E02DF49B2E0C4A80A14FB52CF99E88F4 /* UseByMainViewRedesigned.swift */; };
		F30EE587A7676BDEA5D95EC6 /* FastingInsightsView.swift in Sources */ = {isa = PBXBuildFile; fileRef = 3406DEB9F89048699F964329 /* FastingInsightsView.swift */; };
		F3DF752EB2C082AE0AB0A804 /* StrictMicronutrientValidator.swift in Sources */ = {isa = PBXBuildFile; fileRef = 428A9D43EB8D032F3AFC9F39 /* StrictMicronutrientValidator.swift */; };
		F5DFF32B3432CF2A5E39C270 /* UseByAddRedesigned.swift in Sources */ = {isa = PBXBuildFile; fileRef = 16DF1087D3777C4ED64F9567 /* UseByAddRedesigned.swift */; };
		F71736FEB2E843E18F674753 /* FastingTimerView.swift in Sources */ = {isa = PBXBuildFile; fileRef = 034F60AA8BCB4662A86709D4 /* FastingTimerView.swift */; };
		FASTHIST0001BUILD /* FastingHistoryDropdown.swift in Sources */ = {isa = PBXBuildFile; fileRef = FASTHIST0001FILE /* FastingHistoryDropdown.swift */; };
		FASTMGR0001BUILD /* Managers/FastingManager.swift in Sources */ = {isa = PBXBuildFile; fileRef = FASTMGR0001FILE /* Managers/FastingManager.swift */; };
		FASTNOTMGR001BLD /* Managers/FastingNotificationManager.swift in Sources */ = {isa = PBXBuildFile; fileRef = FASTNOTMGR001REF /* Managers/FastingNotificationManager.swift */; };
		FASTREDESIGN001BUILD /* FastingRedesign.swift in Sources */ = {isa = PBXBuildFile; fileRef = FASTREDESIGN001FILE /* FastingRedesign.swift */; };
		FC5C2FC2DC01206CD686FC0A /* FoodDetailServingView.swift in Sources */ = {isa = PBXBuildFile; fileRef = 4FE6732C35F29BE06EE995BC /* FoodDetailServingView.swift */; };
		FC60C4299246265536D0CF46 /* NutrientTrackingManager.swift in Sources */ = {isa = PBXBuildFile; fileRef = 92A9EF78D75CD70F28F3810E /* NutrientTrackingManager.swift */; };
		FDACD6EE052840C79A707950 /* AddTabView.swift in Sources */ = {isa = PBXBuildFile; fileRef = C0B6A2D7294D44D9A25481CE /* AddTabView.swift */; };
		FEATTIPOVER001BUILD /* NutraSafe Beta/Views/Components/FeatureTipOverlay.swift in Sources */ = {isa = PBXBuildFile; fileRef = FEATTIPOVER001FILE /* NutraSafe Beta/Views/Components/FeatureTipOverlay.swift */; };
		FEATTIPS001BUILD /* NutraSafe Beta/Managers/FeatureTipsManager.swift in Sources */ = {isa = PBXBuildFile; fileRef = FEATTIPS001FILE /* NutraSafe Beta/Managers/FeatureTipsManager.swift */; };
		GOALSONBOARD001BUILD /* GoalsOnboardingScreens.swift in Sources */ = {isa = PBXBuildFile; fileRef = GOALSONBOARD001FILE /* GoalsOnboardingScreens.swift */; };
		IMGCACHE001BUILD /* Managers/ImageCacheManager.swift in Sources */ = {isa = PBXBuildFile; fileRef = IMGCACHE001FILE /* Managers/ImageCacheManager.swift */; };
		INFERREDINGMGR001BUILD /* InferredIngredientManager.swift in Sources */ = {isa = PBXBuildFile; fileRef = INFERREDINGMGR001FILE /* InferredIngredientManager.swift */; };
		INFERREDINGMOD001BUILD /* InferredIngredientModels.swift in Sources */ = {isa = PBXBuildFile; fileRef = INFERREDINGMOD001FILE /* InferredIngredientModels.swift */; };
		LASHHH39YGUIU5SBCPWAERQ5 /* NutraSafe Beta/Views/Food/LogReactionSheet.swift in Sources */ = {isa = PBXBuildFile; fileRef = CSKS9ELV5F5UETE3K0ERLGGZ /* NutraSafe Beta/Views/Food/LogReactionSheet.swift */; };
		MEALMANAGER001BUILD /* Managers/MealManager.swift in Sources */ = {isa = PBXBuildFile; fileRef = MEALMANAGER001FILE /* Managers/MealManager.swift */; };
		MEALMODELS001BUILD /* MealModels.swift in Sources */ = {isa = PBXBuildFile; fileRef = MEALMODELS001FILE /* MealModels.swift */; };
		MIGRMGR001BUILD /* NutraSafe Beta/Managers/MigrationManager.swift in Sources */ = {isa = PBXBuildFile; fileRef = MIGRMGR001FILE /* NutraSafe Beta/Managers/MigrationManager.swift */; };
		MYMEALSVIEW001BUILD /* MyMealsView.swift in Sources */ = {isa = PBXBuildFile; fileRef = MYMEALSVIEW001FILE /* MyMealsView.swift */; };
		ONBMGR0001BUILD /* Managers/OnboardingManager.swift in Sources */ = {isa = PBXBuildFile; fileRef = ONBMGR0001FILE /* Managers/OnboardingManager.swift */; };
		PAYWALL0001BUILD /* PaywallView.swift in Sources */ = {isa = PBXBuildFile; fileRef = PAYWALL0001FILE /* PaywallView.swift */; };
		PREMWRAP001BUILD /* NutraSafe Beta/Views/Components/PremiumFeatureWrapper.swift in Sources */ = {isa = PBXBuildFile; fileRef = PREMWRAP001FILE /* NutraSafe Beta/Views/Components/PremiumFeatureWrapper.swift */; };
		RECOM456E67696E65426C64 /* NutrientRecommendationEngine.swift in Sources */ = {isa = PBXBuildFile; fileRef = RECOM456E67696E6546696C65 /* NutrientRecommendationEngine.swift */; };
		RECOM566965774275696C64 /* SmartRecommendationsView.swift in Sources */ = {isa = PBXBuildFile; fileRef = RECOM5669657746696C65 /* SmartRecommendationsView.swift */; };
		SUBS0001BUILD /* Managers/SubscriptionManager.swift in Sources */ = {isa = PBXBuildFile; fileRef = SUBS0001FILE /* Managers/SubscriptionManager.swift */; };
		WELCOMESCREEN001BUILD /* WelcomeScreenView.swift in Sources */ = {isa = PBXBuildFile; fileRef = WELCOMESCREEN001FILE /* WelcomeScreenView.swift */; };
/* End PBXBuildFile section */

/* Begin PBXContainerItemProxy section */
		ABA33D862F23000C006E4834 /* PBXContainerItemProxy */ = {
			isa = PBXContainerItemProxy;
			containerPortal = A1234567890123456789011993 /* Project object */;
			proxyType = 1;
			remoteGlobalIDString = ABA33D742F23000A006E4834;
			remoteInfo = NutraSafeWidgetsExtension;
		};
/* End PBXContainerItemProxy section */

/* Begin PBXCopyFilesBuildPhase section */
		ABA33D892F23000C006E4834 /* Embed Foundation Extensions */ = {
			isa = PBXCopyFilesBuildPhase;
			buildActionMask = 2147483647;
			dstPath = "";
			dstSubfolderSpec = 13;
			files = (
				ABA33D882F23000C006E4834 /* NutraSafeWidgetsExtension.appex in Embed Foundation Extensions */,
			);
			name = "Embed Foundation Extensions";
			runOnlyForDeploymentPostprocessing = 0;
		};
/* End PBXCopyFilesBuildPhase section */

/* Begin PBXFileReference section */
		025E4F9F2ED6507377598194 /* UseByNotificationManager.swift */ = {isa = PBXFileReference; includeInIndex = 1; lastKnownFileType = sourcecode.swift; name = UseByNotificationManager.swift; path = ../UseByNotificationManager.swift; sourceTree = "<group>"; };
		034F60AA8BCB4662A86709D4 /* FastingTimerView.swift */ = {isa = PBXFileReference; lastKnownFileType = sourcecode.swift; path = FastingTimerView.swift; sourceTree = "<group>"; };
		0CD400E363874479B2EC2A32 /* NutrientCacheActor.swift */ = {isa = PBXFileReference; lastKnownFileType = sourcecode.swift; path = NutrientCacheActor.swift; sourceTree = "<group>"; };
		0D000C42332246F4A41D879A /* ReactionLogModels.swift */ = {isa = PBXFileReference; lastKnownFileType = sourcecode.swift; path = ReactionLogModels.swift; sourceTree = "<group>"; };
		0FC6F3CD35A6B2596A3337BA /* LogWeightView.swift */ = {isa = PBXFileReference; includeInIndex = 1; lastKnownFileType = sourcecode.swift; path = LogWeightView.swift; sourceTree = "<group>"; };
		151F33BF94E6DC1B4BA66ED0 /* MicronutrientDashboard.swift */ = {isa = PBXFileReference; lastKnownFileType = sourcecode.swift; path = MicronutrientDashboard.swift; sourceTree = "<group>"; };
		16DF1087D3777C4ED64F9567 /* UseByAddRedesigned.swift */ = {isa = PBXFileReference; includeInIndex = 1; lastKnownFileType = sourcecode.swift; path = UseByAddRedesigned.swift; sourceTree = "<group>"; };
		18D010044E9A4163897EA548 /* PrivacyLogger.swift */ = {isa = PBXFileReference; lastKnownFileType = sourcecode.swift; path = PrivacyLogger.swift; sourceTree = "<group>"; };
		228D242316D31225D242081F /* FastingViewModel.swift */ = {isa = PBXFileReference; includeInIndex = 1; lastKnownFileType = sourcecode.swift; path = FastingViewModel.swift; sourceTree = "<group>"; };
		22C6BF8B3C55423CB194379A /* AppConfig.swift */ = {isa = PBXFileReference; lastKnownFileType = sourcecode.swift; path = AppConfig.swift; sourceTree = "<group>"; };
		255F2A77F20A80EFD7044E0F /* AdditiveResearchDatabase.swift */ = {isa = PBXFileReference; includeInIndex = 1; lastKnownFileType = sourcecode.swift; path = AdditiveResearchDatabase.swift; sourceTree = "<group>"; };
		2748185AC3934123A2EE1CEC /* ReactionLogManager.swift */ = {isa = PBXFileReference; lastKnownFileType = sourcecode.swift; path = ReactionLogManager.swift; sourceTree = "<group>"; };
		27GRADEINFO001FILE /* NutraSafeGradeInfoView.swift */ = {isa = PBXFileReference; lastKnownFileType = sourcecode.swift; path = NutraSafeGradeInfoView.swift; sourceTree = "<group>"; };
		30B4E72CAAA222A7D0ACC1ED /* FastingMainView.swift */ = {isa = PBXFileReference; includeInIndex = 1; lastKnownFileType = sourcecode.swift; path = FastingMainView.swift; sourceTree = "<group>"; };
		3356CF9900A78308205C6568 /* UseByQuickAddRedesigned.swift */ = {isa = PBXFileReference; includeInIndex = 1; lastKnownFileType = sourcecode.swift; path = UseByQuickAddRedesigned.swift; sourceTree = "<group>"; };
		33B4B31B7774BE3AE3988004 /* NutraSafeComponents.swift */ = {isa = PBXFileReference; includeInIndex = 1; lastKnownFileType = sourcecode.swift; path = NutraSafeComponents.swift; sourceTree = "<group>"; };
		3406DEB9F89048699F964329 /* FastingInsightsView.swift */ = {isa = PBXFileReference; includeInIndex = 1; lastKnownFileType = sourcecode.swift; path = FastingInsightsView.swift; sourceTree = "<group>"; };
		35D2ABE73E734F6F8D147178AE588182 /* BarcodeScanningViews.swift */ = {isa = PBXFileReference; lastKnownFileType = sourcecode.swift; path = BarcodeScanningViews.swift; sourceTree = "<group>"; };
		3904D5585038499D93BAFF26 /* FastingEarlyEndViews.swift */ = {isa = PBXFileReference; lastKnownFileType = sourcecode.swift; path = FastingEarlyEndViews.swift; sourceTree = "<group>"; };
		3A54BFFF132CC2A8F263644F /* MicronutrientDatabase.swift */ = {isa = PBXFileReference; lastKnownFileType = sourcecode.swift; path = MicronutrientDatabase.swift; sourceTree = "<group>"; };
		40A9E8C4089D4E1EF9BCBAD1 /* NutrientTrackingModels.swift */ = {isa = PBXFileReference; includeInIndex = 1; lastKnownFileType = sourcecode.swift; path = NutrientTrackingModels.swift; sourceTree = "<group>"; };
		428A9D43EB8D032F3AFC9F39 /* StrictMicronutrientValidator.swift */ = {isa = PBXFileReference; includeInIndex = 1; lastKnownFileType = sourcecode.swift; path = StrictMicronutrientValidator.swift; sourceTree = "<group>"; };
		42B6381F4E84BD92F3DDA90A /* FoodDetailScoresView.swift */ = {isa = PBXFileReference; includeInIndex = 1; lastKnownFileType = sourcecode.swift; path = FoodDetailScoresView.swift; sourceTree = "<group>"; };
		43138BC44E1C41359750CBA3 /* DiaryTabView.swift */ = {isa = PBXFileReference; lastKnownFileType = sourcecode.swift; path = DiaryTabView.swift; sourceTree = "<group>"; };
		493422FA56E54C918E7155AD /* CustomTabBar.swift */ = {isa = PBXFileReference; lastKnownFileType = sourcecode.swift; path = CustomTabBar.swift; sourceTree = "<group>"; };
		4AE96932D3803B6EDA7CC603 /* UseByFoodDetailRedesigned.swift */ = {isa = PBXFileReference; includeInIndex = 1; lastKnownFileType = sourcecode.swift; path = UseByFoodDetailRedesigned.swift; sourceTree = "<group>"; };
		4EBE697EABA1800E1CF7758D /* MicronutrientTimelineView.swift */ = {isa = PBXFileReference; lastKnownFileType = sourcecode.swift; path = MicronutrientTimelineView.swift; sourceTree = "<group>"; };
		4EDD7105BF741325DAC10A12 /* NutrientDetailModal.swift */ = {isa = PBXFileReference; includeInIndex = 1; lastKnownFileType = sourcecode.swift; path = NutrientDetailModal.swift; sourceTree = "<group>"; };
		4FE6732C35F29BE06EE995BC /* FoodDetailServingView.swift */ = {isa = PBXFileReference; includeInIndex = 1; lastKnownFileType = sourcecode.swift; path = FoodDetailServingView.swift; sourceTree = "<group>"; };
		52B8A5EC55614642B91A36C9 /* DateHelper.swift */ = {isa = PBXFileReference; lastKnownFileType = sourcecode.swift; path = DateHelper.swift; sourceTree = "<group>"; };
		57546E11975DA5FBEF0A2680 /* MicronutrientTrackingManager.swift */ = {isa = PBXFileReference; lastKnownFileType = sourcecode.swift; name = MicronutrientTrackingManager.swift; path = ../MicronutrientTrackingManager.swift; sourceTree = "<group>"; };
		58C0E084EB93A5E882900C67 /* NutrientGapsView.swift */ = {isa = PBXFileReference; includeInIndex = 1; lastKnownFileType = sourcecode.swift; path = NutrientGapsView.swift; sourceTree = "<group>"; };
		6B65061DE906BF3F74DFED9F /* FoodDetailWatchTabsView.swift */ = {isa = PBXFileReference; includeInIndex = 1; lastKnownFileType = sourcecode.swift; path = FoodDetailWatchTabsView.swift; sourceTree = "<group>"; };
		6E7842ED57ED61E938E78541 /* AppDesignSystem.swift */ = {isa = PBXFileReference; includeInIndex = 1; lastKnownFileType = sourcecode.swift; path = AppDesignSystem.swift; sourceTree = "<group>"; };
		760CD77654AC93ADD8BE558E /* AdditiveTrackerView.swift */ = {isa = PBXFileReference; includeInIndex = 1; lastKnownFileType = sourcecode.swift; path = AdditiveTrackerView.swift; sourceTree = "<group>"; };
		7CE2465CED35D0FAE99CCB17 /* AdditiveTrackerViewModel.swift */ = {isa = PBXFileReference; includeInIndex = 1; lastKnownFileType = sourcecode.swift; path = AdditiveTrackerViewModel.swift; sourceTree = "<group>"; };
		"800A45E9-3EDE-4391-B526-" /* FastingCitationsView.swift */ = {isa = PBXFileReference; lastKnownFileType = sourcecode.swift; path = FastingCitationsView.swift; sourceTree = "<group>"; };
		8777C7021556545BB35DF7D8 /* OrganicShapes.swift */ = {isa = PBXFileReference; includeInIndex = 1; lastKnownFileType = sourcecode.swift; path = OrganicShapes.swift; sourceTree = "<group>"; };
		8D112AEB6222C2637BF67CAA /* AdditivePatternViewRedesigned.swift */ = {isa = PBXFileReference; includeInIndex = 1; lastKnownFileType = sourcecode.swift; path = AdditivePatternViewRedesigned.swift; sourceTree = "<group>"; };
		8F10FFBFB4E351F43FDBC8F2 /* FastingService.swift */ = {isa = PBXFileReference; includeInIndex = 1; lastKnownFileType = sourcecode.swift; path = FastingService.swift; sourceTree = "<group>"; };
		8F5A6F0D63BA4C07B7D06EA6 /* AppConstants.swift */ = {isa = PBXFileReference; lastKnownFileType = sourcecode.swift; path = AppConstants.swift; sourceTree = "<group>"; };
		90ACAE8BE5C254A22D04F05D /* InferredIngredientsSheet.swift */ = {isa = PBXFileReference; includeInIndex = 1; lastKnownFileType = sourcecode.swift; path = InferredIngredientsSheet.swift; sourceTree = "<group>"; };
		92A9EF78D75CD70F28F3810E /* NutrientTrackingManager.swift */ = {isa = PBXFileReference; includeInIndex = 1; lastKnownFileType = sourcecode.swift; name = NutrientTrackingManager.swift; path = ../NutrientTrackingManager.swift; sourceTree = "<group>"; };
		95FB33855679471485B474B4 /* SettingsView.swift */ = {isa = PBXFileReference; lastKnownFileType = sourcecode.swift; name = SettingsView.swift; path = Settings/SettingsView.swift; sourceTree = "<group>"; };
		98B68ABA9D7B4CBCB6E31FC7 /* AddActionMenu.swift */ = {isa = PBXFileReference; lastKnownFileType = sourcecode.swift; path = AddActionMenu.swift; sourceTree = "<group>"; };
		9DE8FF1321AD41AE8218BF92 /* NutritionValidator.swift */ = {isa = PBXFileReference; lastKnownFileType = sourcecode.swift; path = NutritionValidator.swift; sourceTree = "<group>"; };
		9EA14171316486136D376E50 /* DiarySegmentedControl.swift */ = {isa = PBXFileReference; includeInIndex = 1; lastKnownFileType = sourcecode.swift; path = DiarySegmentedControl.swift; sourceTree = "<group>"; };
		9EA48F8E27E84D79BCB731AA447430AB /* ingredients_consolidated.json */ = {isa = PBXFileReference; fileEncoding = 4; lastKnownFileType = text.json; path = ingredients_consolidated.json; sourceTree = "<group>"; };
		865485DE144543A4B6190ACA582146C8 /* ingredients_comprehensive.json */ = {isa = PBXFileReference; fileEncoding = 4; lastKnownFileType = text.json; path = ingredients_comprehensive.json; sourceTree = "<group>"; };
		A1234567890123456789012000 /* NutraSafe Beta.app */ = {isa = PBXFileReference; explicitFileType = wrapper.application; includeInIndex = 0; path = "NutraSafe Beta.app"; sourceTree = BUILT_PRODUCTS_DIR; };
		A1234567890123456789012001 /* NutraSafeBetaApp.swift */ = {isa = PBXFileReference; lastKnownFileType = sourcecode.swift; path = NutraSafeBetaApp.swift; sourceTree = "<group>"; };
		A1234567890123456789012002 /* ContentView.swift */ = {isa = PBXFileReference; lastKnownFileType = sourcecode.swift; path = ContentView.swift; sourceTree = "<group>"; };
		A1234567890123456789012003 /* Assets.xcassets */ = {isa = PBXFileReference; lastKnownFileType = folder.assetcatalog; path = Assets.xcassets; sourceTree = "<group>"; };
		A1234567890123456789012011 /* FirebaseManager.swift */ = {isa = PBXFileReference; lastKnownFileType = sourcecode.swift; name = FirebaseManager.swift; path = ../FirebaseManager.swift; sourceTree = "<group>"; };
		A1234567890123456789012012 /* GoogleService-Info.plist */ = {isa = PBXFileReference; lastKnownFileType = text.plist.xml; path = "GoogleService-Info.plist"; sourceTree = "<group>"; };
		A1234567890123456789012013 /* HealthKitManager.swift */ = {isa = PBXFileReference; lastKnownFileType = sourcecode.swift; name = HealthKitManager.swift; path = ../HealthKitManager.swift; sourceTree = "<group>"; };
		A4CC825B3113A674F68A6B62 /* FastingPlanViews.swift */ = {isa = PBXFileReference; includeInIndex = 1; lastKnownFileType = sourcecode.swift; path = FastingPlanViews.swift; sourceTree = "<group>"; };
		A5F369E2FD255D512AAE952A /* NutraSafeTipRow.swift */ = {isa = PBXFileReference; includeInIndex = 1; lastKnownFileType = sourcecode.swift; path = NutraSafeTipRow.swift; sourceTree = "<group>"; };
		A6EF393E4B5FC384966969A5 /* SearchNormalization.swift */ = {isa = PBXFileReference; includeInIndex = 1; lastKnownFileType = sourcecode.swift; path = SearchNormalization.swift; sourceTree = "<group>"; };
		AB13BC172EAE215A00C7B892 /* AIMicronutrientParser.swift */ = {isa = PBXFileReference; lastKnownFileType = sourcecode.swift; path = AIMicronutrientParser.swift; sourceTree = "<group>"; };
		AB13BC182EAE215A00C7B892 /* IngredientMicronutrientParser.swift */ = {isa = PBXFileReference; lastKnownFileType = sourcecode.swift; path = IngredientMicronutrientParser.swift; sourceTree = "<group>"; };
		AB1BF6482ED3B3E6004EA968 /* FastingActionSheet.swift */ = {isa = PBXFileReference; lastKnownFileType = sourcecode.swift; path = FastingActionSheet.swift; sourceTree = "<group>"; };
		AB1BF64B2ED3B400004EA968 /* StaleSessionRecoverySheet.swift */ = {isa = PBXFileReference; lastKnownFileType = sourcecode.swift; path = StaleSessionRecoverySheet.swift; sourceTree = "<group>"; };
		AB77ABAB2E686D0E00857409 /* NutraSafe BetaDebug.entitlements */ = {isa = PBXFileReference; lastKnownFileType = text.plist.entitlements; path = "NutraSafe BetaDebug.entitlements"; sourceTree = "<group>"; };
		AB7C5AF02F242770001E7365 /* FastingAccessoryInlineWidget.swift */ = {isa = PBXFileReference; lastKnownFileType = sourcecode.swift; path = FastingAccessoryInlineWidget.swift; sourceTree = "<group>"; };
		AB9A79F52ECA773F00F7354A /* FastingSourcesView.swift */ = {isa = PBXFileReference; lastKnownFileType = sourcecode.swift; path = FastingSourcesView.swift; sourceTree = "<group>"; };
		ABA33D752F23000A006E4834 /* NutraSafeWidgetsExtension.appex */ = {isa = PBXFileReference; explicitFileType = "wrapper.app-extension"; includeInIndex = 0; path = NutraSafeWidgetsExtension.appex; sourceTree = BUILT_PRODUCTS_DIR; };
		ABA33D762F23000A006E4834 /* WidgetKit.framework */ = {isa = PBXFileReference; lastKnownFileType = wrapper.framework; name = WidgetKit.framework; path = System/Library/Frameworks/WidgetKit.framework; sourceTree = SDKROOT; };
		ABA33D782F23000A006E4834 /* SwiftUI.framework */ = {isa = PBXFileReference; lastKnownFileType = wrapper.framework; name = SwiftUI.framework; path = System/Library/Frameworks/SwiftUI.framework; sourceTree = SDKROOT; };
		ABA33DDF2F23830A006E4834 /* NutraSafeWidgetsExtension.entitlements */ = {isa = PBXFileReference; lastKnownFileType = text.plist.entitlements; path = NutraSafeWidgetsExtension.entitlements; sourceTree = "<group>"; };
		ABB0AEF92EAC3F13009F044D /* StoreKit.framework */ = {isa = PBXFileReference; lastKnownFileType = wrapper.framework; name = StoreKit.framework; path = System/Library/Frameworks/StoreKit.framework; sourceTree = SDKROOT; };
		ABB0AEFB2EAC4FA5009F044D /* NutraSafe Beta.entitlements */ = {isa = PBXFileReference; lastKnownFileType = text.plist.entitlements; path = "NutraSafe Beta.entitlements"; sourceTree = "<group>"; };
		ABC1D3AF2EAD665E00518F41 /* NutraSafe.storekit */ = {isa = PBXFileReference; lastKnownFileType = text; path = NutraSafe.storekit; sourceTree = "<group>"; };
		ABCDD6882EB51DEE0085890E /* WeeklySummarySheet.swift */ = {isa = PBXFileReference; lastKnownFileType = sourcecode.swift; path = WeeklySummarySheet.swift; sourceTree = "<group>"; };
		AEB26CC91C3113543F557B3F /* OnboardingTheme.swift */ = {isa = PBXFileReference; includeInIndex = 1; lastKnownFileType = sourcecode.swift; path = OnboardingTheme.swift; sourceTree = "<group>"; };
		ALGOLIA001FILE /* AlgoliaSearchManager.swift */ = {isa = PBXFileReference; lastKnownFileType = sourcecode.swift; path = AlgoliaSearchManager.swift; sourceTree = "<group>"; };
		ANALYTICS001FILE /* AnalyticsManager.swift */ = {isa = PBXFileReference; lastKnownFileType = sourcecode.swift; path = AnalyticsManager.swift; sourceTree = "<group>"; };
		AUTH1234567890123456789002 /* AuthenticationView.swift */ = {isa = PBXFileReference; lastKnownFileType = sourcecode.swift; path = AuthenticationView.swift; sourceTree = "<group>"; };
		B1234567890123456789CM01 /* CoreModels.swift */ = {isa = PBXFileReference; lastKnownFileType = sourcecode.swift; path = CoreModels.swift; sourceTree = "<group>"; };
		B1234567890123456789FA01 /* FastingModels.swift */ = {isa = PBXFileReference; includeInIndex = 1; lastKnownFileType = sourcecode.swift; path = FastingModels.swift; sourceTree = "<group>"; };
		B1234567890123456789FS01 /* FoodSafetyModels.swift */ = {isa = PBXFileReference; lastKnownFileType = sourcecode.swift; path = FoodSafetyModels.swift; sourceTree = "<group>"; };
		B1234567890123456789HM01 /* HealthKitModels.swift */ = {isa = PBXFileReference; lastKnownFileType = sourcecode.swift; path = HealthKitModels.swift; sourceTree = "<group>"; };
		B1234567890123456789NM01 /* NutritionModels.swift */ = {isa = PBXFileReference; lastKnownFileType = sourcecode.swift; path = NutritionModels.swift; sourceTree = "<group>"; };
		B1234567890123456789SE01 /* SearchModels.swift */ = {isa = PBXFileReference; lastKnownFileType = sourcecode.swift; path = SearchModels.swift; sourceTree = "<group>"; };
		B1234567890123456789SM01 /* ScoringModels.swift */ = {isa = PBXFileReference; lastKnownFileType = sourcecode.swift; path = ScoringModels.swift; sourceTree = "<group>"; };
		B1234567890123456789UM01 /* UserModels.swift */ = {isa = PBXFileReference; lastKnownFileType = sourcecode.swift; path = UserModels.swift; sourceTree = "<group>"; };
		B1E4A63C54154D289C990AE1BEA07BB8 /* FoodTabViews.swift */ = {isa = PBXFileReference; lastKnownFileType = sourcecode.swift; path = FoodTabViews.swift; sourceTree = "<group>"; };
		B2E3B509554C438DB764FD12 /* SecureStorage.swift */ = {isa = PBXFileReference; lastKnownFileType = sourcecode.swift; path = SecureStorage.swift; sourceTree = "<group>"; };
		B3E4B540312BF3B1C1A18C6B /* PremiumOnboardingView.swift */ = {isa = PBXFileReference; includeInIndex = 1; lastKnownFileType = sourcecode.swift; path = PremiumOnboardingView.swift; sourceTree = "<group>"; };
		B4C4FD21E58EE1B4FF761877 /* MicronutrientScoringModels.swift */ = {isa = PBXFileReference; lastKnownFileType = sourcecode.swift; path = MicronutrientScoringModels.swift; sourceTree = "<group>"; };
		B799554ABB0D79AAB6F4E64B /* AddFoodManualViews.swift */ = {isa = PBXFileReference; includeInIndex = 1; lastKnownFileType = sourcecode.swift; path = AddFoodManualViews.swift; sourceTree = "<group>"; };
		BA25CC3104894F129803B0E8 /* CitationManager.swift */ = {isa = PBXFileReference; lastKnownFileType = sourcecode.swift; path = CitationManager.swift; sourceTree = "<group>"; };
		BAE7C57B63B8447E8E45151CDF47A83C /* AdditiveAnalysisViews.swift */ = {isa = PBXFileReference; lastKnownFileType = sourcecode.swift; path = AdditiveAnalysisViews.swift; sourceTree = "<group>"; };
		BE516BF2910C033F34DBE349 /* AdditivePatternView.swift */ = {isa = PBXFileReference; includeInIndex = 1; lastKnownFileType = sourcecode.swift; path = AdditivePatternView.swift; sourceTree = "<group>"; };
		BGTASKMGR001REF /* BackgroundTaskManager.swift */ = {isa = PBXFileReference; lastKnownFileType = sourcecode.swift; path = BackgroundTaskManager.swift; sourceTree = "<group>"; };
		C0B6A2D7294D44D9A25481CE /* AddTabView.swift */ = {isa = PBXFileReference; lastKnownFileType = sourcecode.swift; path = AddTabView.swift; sourceTree = "<group>"; };
		C0D23EEA8C59479AB6188B94 /* ActionButtons.swift */ = {isa = PBXFileReference; lastKnownFileType = sourcecode.swift; path = ActionButtons.swift; sourceTree = "<group>"; };
		C66F1A0043C040B68C17D123 /* FirestoreTransactionHelper.swift */ = {isa = PBXFileReference; lastKnownFileType = sourcecode.swift; path = FirestoreTransactionHelper.swift; sourceTree = "<group>"; };
		CACHEMGR001FILE /* CacheManager.swift */ = {isa = PBXFileReference; lastKnownFileType = sourcecode.swift; path = CacheManager.swift; sourceTree = "<group>"; };
		CAEE86912A424375B407BE0B /* AdditiveRedesignedViews.swift */ = {isa = PBXFileReference; includeInIndex = 1; lastKnownFileType = sourcecode.swift; path = AdditiveRedesignedViews.swift; sourceTree = "<group>"; };
		CD5CAC64039C124DB4C5EAF5 /* FoodDetailNutritionCard.swift */ = {isa = PBXFileReference; includeInIndex = 1; lastKnownFileType = sourcecode.swift; path = FoodDetailNutritionCard.swift; sourceTree = "<group>"; };
		CF1C3CB3424C495E9408953D /* ReactionPDFExporter.swift */ = {isa = PBXFileReference; lastKnownFileType = sourcecode.swift; path = ReactionPDFExporter.swift; sourceTree = "<group>"; };
		CREATEMEALVIEW001FILE /* CreateMealView.swift */ = {isa = PBXFileReference; lastKnownFileType = sourcecode.swift; path = CreateMealView.swift; sourceTree = "<group>"; };
		CSKS9ELV5F5UETE3K0ERLGGZ /* LogReactionSheet.swift */ = {isa = PBXFileReference; lastKnownFileType = sourcecode.swift; path = LogReactionSheet.swift; sourceTree = "<group>"; };
		D0FEC9B4AA084ED5BF9A4E53858FE767 /* ultra_processed_ingredients.json */ = {isa = PBXFileReference; fileEncoding = 4; lastKnownFileType = text.json; path = ultra_processed_ingredients.json; sourceTree = "<group>"; };
		D2B222B37C6C811A1DA830D7 /* FastingLiveActivity.swift */ = {isa = PBXFileReference; includeInIndex = 1; lastKnownFileType = sourcecode.swift; path = FastingLiveActivity.swift; sourceTree = "<group>"; };
		D3F02B35EB79BB96AD3D3301 /* FastingEducationView.swift */ = {isa = PBXFileReference; includeInIndex = 1; lastKnownFileType = sourcecode.swift; path = FastingEducationView.swift; sourceTree = "<group>"; };
		D4841D8FB19F4A7091A7DD0A429B645E /* UseByTabViews.swift */ = {isa = PBXFileReference; lastKnownFileType = sourcecode.swift; path = UseByTabViews.swift; sourceTree = "<group>"; };
		E02DF49B2E0C4A80A14FB52CF99E88F4 /* UseByMainViewRedesigned.swift */ = {isa = PBXFileReference; lastKnownFileType = sourcecode.swift; path = UseByMainViewRedesigned.swift; sourceTree = "<group>"; };
		DC01DIARY000CACHE000ACTOR /* DiaryCacheActor.swift */ = {isa = PBXFileReference; lastKnownFileType = sourcecode.swift; path = DiaryCacheActor.swift; sourceTree = "<group>"; };
		DC02WEEKD000CACHE000ACTOR /* WeekDataCache.swift */ = {isa = PBXFileReference; lastKnownFileType = sourcecode.swift; path = WeekDataCache.swift; sourceTree = "<group>"; };
		DEBOUNCER001REF /* Debouncer.swift */ = {isa = PBXFileReference; lastKnownFileType = sourcecode.swift; path = Utilities/Debouncer.swift; sourceTree = "<group>"; };
		DIETREDESIGN001FILE /* DietManagementRedesign.swift */ = {isa = PBXFileReference; lastKnownFileType = sourcecode.swift; path = DietManagementRedesign.swift; sourceTree = "<group>"; };
		E0A83747E86992873B8D9E2B /* micronutrients_ingredients_v6.db */ = {isa = PBXFileReference; lastKnownFileType = file; path = micronutrients_ingredients_v6.db; sourceTree = "<group>"; };
		E4E289D96672BF3F6322CE44 /* FastingConfirmationSheet.swift */ = {isa = PBXFileReference; includeInIndex = 1; lastKnownFileType = sourcecode.swift; path = FastingConfirmationSheet.swift; sourceTree = "<group>"; };
		EE1E506F81E64504BA776F466B03D0BC /* DiaryDailySummaryCard.swift */ = {isa = PBXFileReference; lastKnownFileType = sourcecode.swift; path = DiaryDailySummaryCard.swift; sourceTree = "<group>"; };
		EE66DFC8777762545539ED47 /* DiaryMetricCards.swift */ = {isa = PBXFileReference; includeInIndex = 1; lastKnownFileType = sourcecode.swift; path = DiaryMetricCards.swift; sourceTree = "<group>"; };
		EF86AB54327E46EA98DD76AB /* FoodManagementViews.swift */ = {isa = PBXFileReference; lastKnownFileType = sourcecode.swift; path = FoodManagementViews.swift; sourceTree = "<group>"; };
		EXT0NBOARD001FILE /* ExtendedOnboardingScreens.swift */ = {isa = PBXFileReference; includeInIndex = 1; lastKnownFileType = sourcecode.swift; path = ExtendedOnboardingScreens.swift; sourceTree = "<group>"; };
		F424654E4CD941D1B3565C0B /* FoodSearchViews.swift */ = {isa = PBXFileReference; lastKnownFileType = sourcecode.swift; path = FoodSearchViews.swift; sourceTree = "<group>"; };
		F6794A3B8C5E40B74BFFC944 /* NutrientTrackingTypes.swift */ = {isa = PBXFileReference; includeInIndex = 1; lastKnownFileType = sourcecode.swift; path = NutrientTrackingTypes.swift; sourceTree = "<group>"; };
		FA2F7F8ABA91448198A8CB77 /* DiaryComponents.swift */ = {isa = PBXFileReference; lastKnownFileType = sourcecode.swift; path = DiaryComponents.swift; sourceTree = "<group>"; };
		FASTHIST0001FILE /* FastingHistoryDropdown.swift */ = {isa = PBXFileReference; lastKnownFileType = sourcecode.swift; path = FastingHistoryDropdown.swift; sourceTree = "<group>"; };
		FASTMGR0001FILE /* FastingManager.swift */ = {isa = PBXFileReference; lastKnownFileType = sourcecode.swift; path = FastingManager.swift; sourceTree = "<group>"; };
		FASTNOTMGR001REF /* FastingNotificationManager.swift */ = {isa = PBXFileReference; lastKnownFileType = sourcecode.swift; path = FastingNotificationManager.swift; sourceTree = "<group>"; };
		FASTREDESIGN001FILE /* FastingRedesign.swift */ = {isa = PBXFileReference; includeInIndex = 1; lastKnownFileType = sourcecode.swift; path = FastingRedesign.swift; sourceTree = "<group>"; };
		FEAB7CC556B14207BD435571 /* AddFoodAIView.swift */ = {isa = PBXFileReference; lastKnownFileType = sourcecode.swift; path = AddFoodAIView.swift; sourceTree = "<group>"; };
		FEATTIPOVER001FILE /* FeatureTipOverlay.swift */ = {isa = PBXFileReference; lastKnownFileType = sourcecode.swift; path = FeatureTipOverlay.swift; sourceTree = "<group>"; };
		FEATTIPS001FILE /* FeatureTipsManager.swift */ = {isa = PBXFileReference; lastKnownFileType = sourcecode.swift; path = FeatureTipsManager.swift; sourceTree = "<group>"; };
		FF612B9BEC774EC78502B67C /* FoodDetailViewFromSearch.swift */ = {isa = PBXFileReference; lastKnownFileType = sourcecode.swift; path = FoodDetailViewFromSearch.swift; sourceTree = "<group>"; };
		GOALSONBOARD001FILE /* GoalsOnboardingScreens.swift */ = {isa = PBXFileReference; includeInIndex = 1; lastKnownFileType = sourcecode.swift; path = GoalsOnboardingScreens.swift; sourceTree = "<group>"; };
		IMGCACHE001FILE /* ImageCacheManager.swift */ = {isa = PBXFileReference; lastKnownFileType = sourcecode.swift; path = ImageCacheManager.swift; sourceTree = "<group>"; };
		INFERREDINGMGR001FILE /* InferredIngredientManager.swift */ = {isa = PBXFileReference; lastKnownFileType = sourcecode.swift; path = InferredIngredientManager.swift; sourceTree = "<group>"; };
		INFERREDINGMOD001FILE /* InferredIngredientModels.swift */ = {isa = PBXFileReference; lastKnownFileType = sourcecode.swift; path = InferredIngredientModels.swift; sourceTree = "<group>"; };
		MEALMANAGER001FILE /* MealManager.swift */ = {isa = PBXFileReference; lastKnownFileType = sourcecode.swift; path = MealManager.swift; sourceTree = "<group>"; };
		MEALMODELS001FILE /* MealModels.swift */ = {isa = PBXFileReference; lastKnownFileType = sourcecode.swift; path = MealModels.swift; sourceTree = "<group>"; };
		MIGRMGR001FILE /* MigrationManager.swift */ = {isa = PBXFileReference; lastKnownFileType = sourcecode.swift; path = MigrationManager.swift; sourceTree = "<group>"; };
		MYMEALSVIEW001FILE /* MyMealsView.swift */ = {isa = PBXFileReference; lastKnownFileType = sourcecode.swift; path = MyMealsView.swift; sourceTree = "<group>"; };
		ONBMGR0001FILE /* OnboardingManager.swift */ = {isa = PBXFileReference; lastKnownFileType = sourcecode.swift; path = OnboardingManager.swift; sourceTree = "<group>"; };
		PAYWALL0001FILE /* PaywallView.swift */ = {isa = PBXFileReference; lastKnownFileType = sourcecode.swift; path = PaywallView.swift; sourceTree = "<group>"; };
		PREMWRAP001FILE /* PremiumFeatureWrapper.swift */ = {isa = PBXFileReference; lastKnownFileType = sourcecode.swift; path = PremiumFeatureWrapper.swift; sourceTree = "<group>"; };
		RECOM456E67696E6546696C65 /* NutrientRecommendationEngine.swift */ = {isa = PBXFileReference; lastKnownFileType = sourcecode.swift; path = NutrientRecommendationEngine.swift; sourceTree = "<group>"; };
		RECOM5669657746696C65 /* SmartRecommendationsView.swift */ = {isa = PBXFileReference; lastKnownFileType = sourcecode.swift; path = SmartRecommendationsView.swift; sourceTree = "<group>"; };
		SUBS0001FILE /* SubscriptionManager.swift */ = {isa = PBXFileReference; lastKnownFileType = sourcecode.swift; path = SubscriptionManager.swift; sourceTree = "<group>"; };
		WELCOMESCREEN001FILE /* WelcomeScreenView.swift */ = {isa = PBXFileReference; lastKnownFileType = sourcecode.swift; path = WelcomeScreenView.swift; sourceTree = "<group>"; };
/* End PBXFileReference section */

/* Begin PBXFileSystemSynchronizedBuildFileExceptionSet section */
		ABA33D8C2F23000C006E4834 /* Exceptions for "NutraSafeWidgets" folder in "NutraSafeWidgetsExtension" target */ = {
			isa = PBXFileSystemSynchronizedBuildFileExceptionSet;
			membershipExceptions = (
				Info.plist,
			);
			target = ABA33D742F23000A006E4834 /* NutraSafeWidgetsExtension */;
		};
/* End PBXFileSystemSynchronizedBuildFileExceptionSet section */

/* Begin PBXFileSystemSynchronizedRootGroup section */
		ABA33D7A2F23000A006E4834 /* NutraSafeWidgets */ = {
			isa = PBXFileSystemSynchronizedRootGroup;
			exceptions = (
				ABA33D8C2F23000C006E4834 /* Exceptions for "NutraSafeWidgets" folder in "NutraSafeWidgetsExtension" target */,
			);
			path = NutraSafeWidgets;
			sourceTree = "<group>";
		};
/* End PBXFileSystemSynchronizedRootGroup section */

/* Begin PBXFrameworksBuildPhase section */
		A1234567890123456789011999 /* Frameworks */ = {
			isa = PBXFrameworksBuildPhase;
			buildActionMask = 2147483647;
			files = (
				AB4B75A92E72DEFC0058DCD3 /* FirebaseCore in Frameworks */,
				AB4B75A72E72DEF60058DCD3 /* FirebaseAuth in Frameworks */,
				ABB0AEFA2EAC3F14009F044D /* StoreKit.framework in Frameworks */,
				AB13BC1C2EAE253100C7B892 /* FirebaseFunctions in Frameworks */,
				AB4B75AB2E72DF020058DCD3 /* FirebaseFirestore in Frameworks */,
				AB4B75AD2E72DF080058DCD3 /* FirebaseStorage in Frameworks */,
				ANALYTICS002BUILD /* (null) in Frameworks */,
				AB6974AC2F1E3A7100F4D7DE /* FirebaseAnalytics in Frameworks */,
			);
			runOnlyForDeploymentPostprocessing = 0;
		};
		ABA33D722F23000A006E4834 /* Frameworks */ = {
			isa = PBXFrameworksBuildPhase;
			buildActionMask = 2147483647;
			files = (
				ABA33D792F23000A006E4834 /* SwiftUI.framework in Frameworks */,
				ABA33D772F23000A006E4834 /* WidgetKit.framework in Frameworks */,
			);
			runOnlyForDeploymentPostprocessing = 0;
		};
/* End PBXFrameworksBuildPhase section */

/* Begin PBXGroup section */
		069C2B19784643F385FFCD7C /* Food */ = {
			isa = PBXGroup;
			children = (
				FEAB7CC556B14207BD435571 /* AddFoodAIView.swift */,
				BAE7C57B63B8447E8E45151CDF47A83C /* AdditiveAnalysisViews.swift */,
				35D2ABE73E734F6F8D147178AE588182 /* BarcodeScanningViews.swift */,
				CREATEMEALVIEW001FILE /* CreateMealView.swift */,
				FF612B9BEC774EC78502B67C /* FoodDetailViewFromSearch.swift */,
				27GRADEINFO001FILE /* NutraSafeGradeInfoView.swift */,
				EF86AB54327E46EA98DD76AB /* FoodManagementViews.swift */,
				F424654E4CD941D1B3565C0B /* FoodSearchViews.swift */,
				B1E4A63C54154D289C990AE1BEA07BB8 /* FoodTabViews.swift */,
				MYMEALSVIEW001FILE /* MyMealsView.swift */,
				B799554ABB0D79AAB6F4E64B /* AddFoodManualViews.swift */,
				4FE6732C35F29BE06EE995BC /* FoodDetailServingView.swift */,
				CD5CAC64039C124DB4C5EAF5 /* FoodDetailNutritionCard.swift */,
				42B6381F4E84BD92F3DDA90A /* FoodDetailScoresView.swift */,
				6B65061DE906BF3F74DFED9F /* FoodDetailWatchTabsView.swift */,
				90ACAE8BE5C254A22D04F05D /* InferredIngredientsSheet.swift */,
				CAEE86912A424375B407BE0B /* AdditiveRedesignedViews.swift */,
				AB7C5AF02F242770001E7365 /* FastingAccessoryInlineWidget.swift */,
				CSKS9ELV5F5UETE3K0ERLGGZ /* LogReactionSheet.swift */,
			);
			path = Food;
			sourceTree = "<group>";
		};
		0895A42C24CD161E7661E48C /* Progress */ = {
			isa = PBXGroup;
			children = (
				0FC6F3CD35A6B2596A3337BA /* LogWeightView.swift */,
			);
			path = Progress;
			sourceTree = "<group>";
		};
		18B13EA519C9484C8C19C526541913C9 /* Use By */ = {
			isa = PBXGroup;
			children = (
				D4841D8FB19F4A7091A7DD0A429B645E /* UseByTabViews.swift */,
				4AE96932D3803B6EDA7CC603 /* UseByFoodDetailRedesigned.swift */,
				16DF1087D3777C4ED64F9567 /* UseByAddRedesigned.swift */,
				3356CF9900A78308205C6568 /* UseByQuickAddRedesigned.swift */,
			
				E02DF49B2E0C4A80A14FB52CF99E88F4 /* UseByMainViewRedesigned.swift */,);
			path = "Use By";
			sourceTree = "<group>";
		};
		1D4CC3D457268DEF1B464622 /* Premium */ = {
			isa = PBXGroup;
			children = (
				EXT0NBOARD001FILE /* ExtendedOnboardingScreens.swift */,
				GOALSONBOARD001FILE /* GoalsOnboardingScreens.swift */,
				AEB26CC91C3113543F557B3F /* OnboardingTheme.swift */,
				8777C7021556545BB35DF7D8 /* OrganicShapes.swift */,
				B3E4B540312BF3B1C1A18C6B /* PremiumOnboardingView.swift */,
			);
			path = Premium;
			sourceTree = "<group>";
		};
		1E2302F2CAB144499FF8B394 /* Views */ = {
			isa = PBXGroup;
			children = (
				NEWCOMPONENTS001GRP /* Components */,
				95FB33855679471485B474B4 /* SettingsView.swift */,
				48F7E2851A9B4BD8AF47A1BEE4B27F68 /* Diary */,
				2DF585D9E80C4490A72B6467 /* Fasting */,
				069C2B19784643F385FFCD7C /* Food */,
				18B13EA519C9484C8C19C526541913C9 /* Use By */,
				43138BC44E1C41359750CBA3 /* DiaryTabView.swift */,
				C0B6A2D7294D44D9A25481CE /* AddTabView.swift */,
				FC073BEEE31CC2F8B8962436 /* Settings */,
				151F33BF94E6DC1B4BA66ED0 /* MicronutrientDashboard.swift */,
				4EBE697EABA1800E1CF7758D /* MicronutrientTimelineView.swift */,
				RECOM5669657746696C65 /* SmartRecommendationsView.swift */,
				E6EE4AA42DCA4714956F3A1D /* Onboarding */,
				0895A42C24CD161E7661E48C /* Progress */,
			);
			path = Views;
			sourceTree = "<group>";
		};
		2348634BAA3DD83FABDE44D6 /* Frameworks */ = {
			isa = PBXGroup;
			children = (
				ABB0AEF92EAC3F13009F044D /* StoreKit.framework */,
				ABA33D762F23000A006E4834 /* WidgetKit.framework */,
				ABA33D782F23000A006E4834 /* SwiftUI.framework */,
			);
			name = Frameworks;
			sourceTree = "<group>";
		};
		2DF585D9E80C4490A72B6467 /* Fasting */ = {
			isa = PBXGroup;
			children = (
				AB1BF6482ED3B3E6004EA968 /* FastingActionSheet.swift */,
				3904D5585038499D93BAFF26 /* FastingEarlyEndViews.swift */,
				AB1BF64B2ED3B400004EA968 /* StaleSessionRecoverySheet.swift */,
				AB9A79F52ECA773F00F7354A /* FastingSourcesView.swift */,
				034F60AA8BCB4662A86709D4 /* FastingTimerView.swift */,
				FASTHIST0001FILE /* FastingHistoryDropdown.swift */,
				"800A45E9-3EDE-4391-B526-" /* FastingCitationsView.swift */,
				30B4E72CAAA222A7D0ACC1ED /* FastingMainView.swift */,
				FASTREDESIGN001FILE /* FastingRedesign.swift */,
				A4CC825B3113A674F68A6B62 /* FastingPlanViews.swift */,
				D3F02B35EB79BB96AD3D3301 /* FastingEducationView.swift */,
				3406DEB9F89048699F964329 /* FastingInsightsView.swift */,
				E4E289D96672BF3F6322CE44 /* FastingConfirmationSheet.swift */,
			);
			path = Fasting;
			sourceTree = "<group>";
		};
		374281A658B7D6C8808007C2 /* ViewModels */ = {
			isa = PBXGroup;
			children = (
				228D242316D31225D242081F /* FastingViewModel.swift */,
				7CE2465CED35D0FAE99CCB17 /* AdditiveTrackerViewModel.swift */,
				255F2A77F20A80EFD7044E0F /* AdditiveResearchDatabase.swift */,
			);
			path = ViewModels;
			sourceTree = "<group>";
		};
		48F7E2851A9B4BD8AF47A1BEE4B27F68 /* Diary */ = {
			isa = PBXGroup;
			children = (
				FA2F7F8ABA91448198A8CB77 /* DiaryComponents.swift */,
				EE66DFC8777762545539ED47 /* DiaryMetricCards.swift */,
				ABCDD6882EB51DEE0085890E /* WeeklySummarySheet.swift */,
				EE1E506F81E64504BA776F466B03D0BC /* DiaryDailySummaryCard.swift */,
				760CD77654AC93ADD8BE558E /* AdditiveTrackerView.swift */,
				BE516BF2910C033F34DBE349 /* AdditivePatternView.swift */,
				8D112AEB6222C2637BF67CAA /* AdditivePatternViewRedesigned.swift */,
			);
			path = Diary;
			sourceTree = "<group>";
		};
		63A53684D54AC54FDAF5A1F3 /* Models */ = {
			isa = PBXGroup;
			children = (
				B1234567890123456789CM01 /* CoreModels.swift */,
				B1234567890123456789FS01 /* FoodSafetyModels.swift */,
				B1234567890123456789NM01 /* NutritionModels.swift */,
				B1234567890123456789SM01 /* ScoringModels.swift */,
				B1234567890123456789HM01 /* HealthKitModels.swift */,
				B1234567890123456789UM01 /* UserModels.swift */,
				B1234567890123456789SE01 /* SearchModels.swift */,
				0D000C42332246F4A41D879A /* ReactionLogModels.swift */,
				0CD400E363874479B2EC2A32 /* NutrientCacheActor.swift */,
				DC01DIARY000CACHE000ACTOR /* DiaryCacheActor.swift */,
				DC02WEEKD000CACHE000ACTOR /* WeekDataCache.swift */,
				40A9E8C4089D4E1EF9BCBAD1 /* NutrientTrackingModels.swift */,
				B1234567890123456789FA01 /* FastingModels.swift */,
				B4C4FD21E58EE1B4FF761877 /* MicronutrientScoringModels.swift */,
				BA25CC3104894F129803B0E8 /* CitationManager.swift */,
				MEALMODELS001FILE /* MealModels.swift */,
				INFERREDINGMOD001FILE /* InferredIngredientModels.swift */,
			);
			path = Models;
			sourceTree = "<group>";
		};
		NEWDATABASES001GRP /* Databases */ = {
			isa = PBXGroup;
			children = (
				3A54BFFF132CC2A8F263644F /* MicronutrientDatabase.swift */,
			);
			name = Databases;
			sourceTree = "<group>";
		};
		NEWPARSERS001GRP /* Parsers */ = {
			isa = PBXGroup;
			children = (
				AB13BC172EAE215A00C7B892 /* AIMicronutrientParser.swift */,
				AB13BC182EAE215A00C7B892 /* IngredientMicronutrientParser.swift */,
			);
			name = Parsers;
			sourceTree = "<group>";
		};
		NEWVALIDATORS001GRP /* Validators */ = {
			isa = PBXGroup;
			children = (
				428A9D43EB8D032F3AFC9F39 /* StrictMicronutrientValidator.swift */,
				RECOM456E67696E6546696C65 /* NutrientRecommendationEngine.swift */,
			);
			name = Validators;
			sourceTree = "<group>";
		};
		9286D9FB6F518C14BDFFCD33 /* Design */ = {
			isa = PBXGroup;
			children = (
				6E7842ED57ED61E938E78541 /* AppDesignSystem.swift */,
				33B4B31B7774BE3AE3988004 /* NutraSafeComponents.swift */,
			);
			path = Design;
			sourceTree = "<group>";
		};
		956ECB7D602D71885046D54F /* Managers */ = {
			isa = PBXGroup;
			children = (
				A1234567890123456789012011 /* FirebaseManager.swift */,
				A1234567890123456789012013 /* HealthKitManager.swift */,
				92A9EF78D75CD70F28F3810E /* NutrientTrackingManager.swift */,
				57546E11975DA5FBEF0A2680 /* MicronutrientTrackingManager.swift */,
				025E4F9F2ED6507377598194 /* UseByNotificationManager.swift */,
				FASTNOTMGR001REF /* FastingNotificationManager.swift */,
				BGTASKMGR001REF /* BackgroundTaskManager.swift */,
				SUBS0001FILE /* SubscriptionManager.swift */,
				FASTMGR0001FILE /* FastingManager.swift */,
				IMGCACHE001FILE /* ImageCacheManager.swift */,
				ALGOLIA001FILE /* AlgoliaSearchManager.swift */,
				ANALYTICS001FILE /* AnalyticsManager.swift */,
				ONBMGR0001FILE /* OnboardingManager.swift */,
				MEALMANAGER001FILE /* MealManager.swift */,
				INFERREDINGMGR001FILE /* InferredIngredientManager.swift */,
				2748185AC3934123A2EE1CEC /* ReactionLogManager.swift */,
				A6EF393E4B5FC384966969A5 /* SearchNormalization.swift */,
				FEATTIPS001FILE /* FeatureTipsManager.swift */,
				MIGRMGR001FILE /* MigrationManager.swift */,
			);
			path = Managers;
			sourceTree = "<group>";
		};
		A1234567890123456789011997 /* Products */ = {
			isa = PBXGroup;
			children = (
				A1234567890123456789012000 /* NutraSafe Beta.app */,
				ABA33D752F23000A006E4834 /* NutraSafeWidgetsExtension.appex */,
			);
			name = Products;
			sourceTree = "<group>";
		};
		A1234567890123456789011998 = {
			isa = PBXGroup;
			children = (
				ABA33DDF2F23830A006E4834 /* NutraSafeWidgetsExtension.entitlements */,
				ABC1D3AF2EAD665E00518F41 /* NutraSafe.storekit */,
				A1234567890123456789012004 /* NutraSafe Beta */,
				ABA33D7A2F23000A006E4834 /* NutraSafeWidgets */,
				A1234567890123456789011997 /* Products */,
				2348634BAA3DD83FABDE44D6 /* Frameworks */,
			);
			sourceTree = "<group>";
		};
		A1234567890123456789012004 /* NutraSafe Beta */ = {
			isa = PBXGroup;
			children = (
				ABB0AEFB2EAC4FA5009F044D /* NutraSafe Beta.entitlements */,
				AB77ABAB2E686D0E00857409 /* NutraSafe BetaDebug.entitlements */,
				A1234567890123456789012001 /* NutraSafeBetaApp.swift */,
				AUTH1234567890123456789002 /* AuthenticationView.swift */,
				A1234567890123456789012002 /* ContentView.swift */,
				A1234567890123456789012003 /* Assets.xcassets */,
				A1234567890123456789012012 /* GoogleService-Info.plist */,
				E0A83747E86992873B8D9E2B /* micronutrients_ingredients_v6.db */,
				9EA48F8E27E84D79BCB731AA447430AB /* ingredients_consolidated.json */,
				865485DE144543A4B6190ACA582146C8 /* ingredients_comprehensive.json */,
				D0FEC9B4AA084ED5BF9A4E53858FE767 /* ultra_processed_ingredients.json */,
				D2B222B37C6C811A1DA830D7 /* FastingLiveActivity.swift */,
				DEBOUNCER001REF /* Debouncer.swift */,
				1E2302F2CAB144499FF8B394 /* Views */,
				ABB0AEF62EA8CCD1009F044D /* Views/Onboarding */,
				63A53684D54AC54FDAF5A1F3 /* Models */,
				956ECB7D602D71885046D54F /* Managers */,
				374281A658B7D6C8808007C2 /* ViewModels */,
				D076EFF139B57BE85EDAEE04 /* Services */,
				9286D9FB6F518C14BDFFCD33 /* Design */,
				NEWPARSERS001GRP /* Parsers */,
				NEWVALIDATORS001GRP /* Validators */,
				NEWDATABASES001GRP /* Databases */,
				NEWUTILS001GRP /* Utils */,
				NEWCONFIG001GRP /* Configuration */,
			);
			path = "NutraSafe Beta";
			sourceTree = "<group>";
		};
		NEWCOMPONENTS001GRP /* Components */ = {
			isa = PBXGroup;
			children = (
				C0D23EEA8C59479AB6188B94 /* ActionButtons.swift */,
				493422FA56E54C918E7155AD /* CustomTabBar.swift */,
				98B68ABA9D7B4CBCB6E31FC7 /* AddActionMenu.swift */,
				FEATTIPOVER001FILE /* FeatureTipOverlay.swift */,
				PREMWRAP001FILE /* PremiumFeatureWrapper.swift */,
				F6794A3B8C5E40B74BFFC944 /* NutrientTrackingTypes.swift */,
				9EA14171316486136D376E50 /* DiarySegmentedControl.swift */,
				A5F369E2FD255D512AAE952A /* NutraSafeTipRow.swift */,
				58C0E084EB93A5E882900C67 /* NutrientGapsView.swift */,
				4EDD7105BF741325DAC10A12 /* NutrientDetailModal.swift */,
			);
			path = Components;
			sourceTree = "<group>";
		};
		NEWUTILS001GRP /* Utils */ = {
			isa = PBXGroup;
			children = (
				9DE8FF1321AD41AE8218BF92 /* NutritionValidator.swift */,
				C66F1A0043C040B68C17D123 /* FirestoreTransactionHelper.swift */,
				B2E3B509554C438DB764FD12 /* SecureStorage.swift */,
				18D010044E9A4163897EA548 /* PrivacyLogger.swift */,
				52B8A5EC55614642B91A36C9 /* DateHelper.swift */,
				8F5A6F0D63BA4C07B7D06EA6 /* AppConstants.swift */,
				CF1C3CB3424C495E9408953D /* ReactionPDFExporter.swift */,
				CACHEMGR001FILE /* CacheManager.swift */,
			);
			path = Utils;
			sourceTree = "<group>";
		};
		NEWCONFIG001GRP /* Configuration */ = {
			isa = PBXGroup;
			children = (
				22C6BF8B3C55423CB194379A /* AppConfig.swift */,
			);
			path = Configuration;
			sourceTree = "<group>";
		};
		ABB0AEF62EA8CCD1009F044D /* Views/Onboarding */ = {
			isa = PBXGroup;
			children = (
				WELCOMESCREEN001FILE /* WelcomeScreenView.swift */,
			);
			path = Views/Onboarding;
			sourceTree = "<group>";
		};
		D076EFF139B57BE85EDAEE04 /* Services */ = {
			isa = PBXGroup;
			children = (
				8F10FFBFB4E351F43FDBC8F2 /* FastingService.swift */,
			);
			path = Services;
			sourceTree = "<group>";
		};
		E6EE4AA42DCA4714956F3A1D /* Onboarding */ = {
			isa = PBXGroup;
			children = (
				1D4CC3D457268DEF1B464622 /* Premium */,
			);
			path = Onboarding;
			sourceTree = "<group>";
		};
		FC073BEEE31CC2F8B8962436 /* Settings */ = {
			isa = PBXGroup;
			children = (
				PAYWALL0001FILE /* PaywallView.swift */,
				DIETREDESIGN001FILE /* DietManagementRedesign.swift */,
			);
			path = Settings;
			sourceTree = "<group>";
		};
/* End PBXGroup section */

/* Begin PBXNativeTarget section */
		A1234567890123456789011996 /* NutraSafe Beta */ = {
			isa = PBXNativeTarget;
			buildConfigurationList = A1234567890123456789012007 /* Build configuration list for PBXNativeTarget "NutraSafe Beta" */;
			buildPhases = (
				A1234567890123456789011995 /* Sources */,
				A1234567890123456789011999 /* Frameworks */,
				A1234567890123456789011994 /* Resources */,
				ABA33D892F23000C006E4834 /* Embed Foundation Extensions */,
			);
			buildRules = (
			);
			dependencies = (
				ABA33D872F23000C006E4834 /* PBXTargetDependency */,
			);
			name = "NutraSafe Beta";
			productName = "NutraSafe Beta";
			productReference = A1234567890123456789012000 /* NutraSafe Beta.app */;
			productType = "com.apple.product-type.application";
		};
		ABA33D742F23000A006E4834 /* NutraSafeWidgetsExtension */ = {
			isa = PBXNativeTarget;
			buildConfigurationList = ABA33D8D2F23000C006E4834 /* Build configuration list for PBXNativeTarget "NutraSafeWidgetsExtension" */;
			buildPhases = (
				ABA33D712F23000A006E4834 /* Sources */,
				ABA33D722F23000A006E4834 /* Frameworks */,
				ABA33D732F23000A006E4834 /* Resources */,
			);
			buildRules = (
			);
			dependencies = (
			);
			fileSystemSynchronizedGroups = (
				ABA33D7A2F23000A006E4834 /* NutraSafeWidgets */,
			);
			name = NutraSafeWidgetsExtension;
			productName = NutraSafeWidgetsExtension;
			productReference = ABA33D752F23000A006E4834 /* NutraSafeWidgetsExtension.appex */;
			productType = "com.apple.product-type.app-extension";
		};
/* End PBXNativeTarget section */

/* Begin PBXProject section */
		A1234567890123456789011993 /* Project object */ = {
			isa = PBXProject;
			attributes = {
				BuildIndependentTargetsInParallel = 1;
				LastSwiftUpdateCheck = 2620;
				LastUpgradeCheck = 1640;
				TargetAttributes = {
					A1234567890123456789011996 = {
						CreatedOnToolsVersion = 16.0;
					};
					ABA33D742F23000A006E4834 = {
						CreatedOnToolsVersion = 26.2;
					};
				};
			};
			buildConfigurationList = A1234567890123456789011992 /* Build configuration list for PBXProject "NutraSafeBeta" */;
			developmentRegion = en;
			hasScannedForEncodings = 0;
			knownRegions = (
				en,
				Base,
			);
			mainGroup = A1234567890123456789011998;
			minimizedProjectReferenceProxies = 1;
			packageReferences = (
				AB4B75A52E72DD260058DCD3 /* XCRemoteSwiftPackageReference "firebase-ios-sdk" */,
			);
			preferredProjectObjectVersion = 77;
			productRefGroup = A1234567890123456789011997 /* Products */;
			projectDirPath = "";
			projectRoot = "";
			targets = (
				A1234567890123456789011996 /* NutraSafe Beta */,
				ABA33D742F23000A006E4834 /* NutraSafeWidgetsExtension */,
			);
		};
/* End PBXProject section */

/* Begin PBXResourcesBuildPhase section */
		A1234567890123456789011994 /* Resources */ = {
			isa = PBXResourcesBuildPhase;
			buildActionMask = 2147483647;
			files = (
				A1234567890123456789012303 /* Assets.xcassets in Resources */,
				A1234567890123456789012306 /* GoogleService-Info.plist in Resources */,
				ABC1D3B02EAD665E00518F41 /* NutraSafe.storekit in Resources */,
				41A03AB7C02C3A4AA790DE89 /* micronutrients_ingredients_v6.db in Resources */,
				6FD7402BCD964514A0EFBAC97296E211 /* ingredients_consolidated.json in Resources */,
				339815FB4B854B9ABFE4557E77BC3F13 /* ingredients_comprehensive.json in Resources */,
				71B4756E80AC49019B62DD26BC7FC2D9 /* NutraSafe Beta/ultra_processed_ingredients.json in Resources */,
			);
			runOnlyForDeploymentPostprocessing = 0;
		};
		ABA33D732F23000A006E4834 /* Resources */ = {
			isa = PBXResourcesBuildPhase;
			buildActionMask = 2147483647;
			files = (
			);
			runOnlyForDeploymentPostprocessing = 0;
		};
/* End PBXResourcesBuildPhase section */

/* Begin PBXSourcesBuildPhase section */
		A1234567890123456789011995 /* Sources */ = {
			isa = PBXSourcesBuildPhase;
			buildActionMask = 2147483647;
			files = (
				5339D3CE880E41C08133A8E0 /* NutraSafe Beta/Utils/DateHelper.swift in Sources */,
				877D92C3CF734C0CA4E19D2F /* NutraSafe Beta/Utils/AppConstants.swift in Sources */,
				FASTNOTMGR001BLD /* Managers/FastingNotificationManager.swift in Sources */,
				BGTASKMGR001BLD /* Managers/BackgroundTaskManager.swift in Sources */,
				DEBOUNCER001BLD /* Utilities/Debouncer.swift in Sources */,
				B9E69A3D4385429DA8CB3239 /* FastingEarlyEndViews.swift in Sources */,
				42B4CA708B0E403EAFFD2EED /* NutrientCacheActor.swift in Sources */,
				DB01DIARY000CACHE000ACTOR /* DiaryCacheActor.swift in Sources */,
				DB02WEEKD000CACHE000ACTOR /* WeekDataCache.swift in Sources */,
				C83CC72A7D464E1685D1143F /* SettingsView.swift in Sources */,
				DIETREDESIGN001BUILD /* DietManagementRedesign.swift in Sources */,
				PAYWALL0001BUILD /* PaywallView.swift in Sources */,
				AUTH1234567890123456789001 /* AuthenticationView.swift in Sources */,
				A1234567890123456789012302 /* ContentView.swift in Sources */,
				A1234567890123456789012301 /* NutraSafeBetaApp.swift in Sources */,
				AB13BC192EAE215A00C7B892 /* AIMicronutrientParser.swift in Sources */,
				AB1BF6492ED3B3E6004EA968 /* FastingActionSheet.swift in Sources */,
				AB1BF64A2ED3B400004EA968 /* StaleSessionRecoverySheet.swift in Sources */,
				AB13BC1A2EAE215A00C7B892 /* IngredientMicronutrientParser.swift in Sources */,
				A1234567890123456789012305 /* FirebaseManager.swift in Sources */,
				A1234567890123456789012307 /* HealthKitManager.swift in Sources */,
				SUBS0001BUILD /* Managers/SubscriptionManager.swift in Sources */,
				FEATTIPS001BUILD /* NutraSafe Beta/Managers/FeatureTipsManager.swift in Sources */,
				MIGRMGR001BUILD /* NutraSafe Beta/Managers/MigrationManager.swift in Sources */,
				AB7C5AF12F242770001E7365 /* FastingAccessoryInlineWidget.swift in Sources */,
				FEATTIPOVER001BUILD /* NutraSafe Beta/Views/Components/FeatureTipOverlay.swift in Sources */,
				PREMWRAP001BUILD /* NutraSafe Beta/Views/Components/PremiumFeatureWrapper.swift in Sources */,
				FASTMGR0001BUILD /* Managers/FastingManager.swift in Sources */,
				IMGCACHE001BUILD /* Managers/ImageCacheManager.swift in Sources */,
				ALGOLIA001BUILD /* Managers/AlgoliaSearchManager.swift in Sources */,
				26E954E4A2634655AB0F1224 /* FoodDetailViewFromSearch.swift in Sources */,
				27GRADEINFO001BUILD /* NutraSafeGradeInfoView.swift in Sources */,
				99C873C9DCA241B8B3F6C5CA /* FoodSearchViews.swift in Sources */,
				5499F48301DC4732BB15091B /* FoodManagementViews.swift in Sources */,
				F71736FEB2E843E18F674753 /* FastingTimerView.swift in Sources */,
				FASTHIST0001BUILD /* FastingHistoryDropdown.swift in Sources */,
				B9AC0B956B3045128E12E890 /* AddFoodAIView.swift in Sources */,
				013A7F75B09C430AB1EE40154700DAAB /* DiaryDailySummaryCard.swift in Sources */,
				5909E6FFD2AA46A8BBE0B1B95CCF4F94 /* AdditiveAnalysisViews.swift in Sources */,
				24D3ACC266DD4F91AE1F1045B7BE8F34 /* BarcodeScanningViews.swift in Sources */,
				8699C16F52A0459784A27CD7D0AF30C9 /* FoodTabViews.swift in Sources */,
				F274CF78968B4290ADA3C260F96936CE /* UseByTabViews.swift in Sources */,
				BD0A80E21D2F4DCE819D1014CE67E65C /* UseByMainViewRedesigned.swift in Sources */,
				3B8228DB0918054597694FC4 /* MicronutrientDashboard.swift in Sources */,
				RECOM456E67696E65426C64 /* NutrientRecommendationEngine.swift in Sources */,
				RECOM566965774275696C64 /* SmartRecommendationsView.swift in Sources */,
				D0A8A48A748A347D14A7EB37 /* MicronutrientTimelineView.swift in Sources */,
				93A33269CDCAB100C4C60379 /* MicronutrientScoringModels.swift in Sources */,
				C1D4E6259B6DDC850735FACC /* MicronutrientTrackingManager.swift in Sources */,
				BD5505ECF57D77BFB7EA2A97 /* MicronutrientDatabase.swift in Sources */,
				B1234567890123456789CM02 /* CoreModels.swift in Sources */,
				B1234567890123456789FS02 /* FoodSafetyModels.swift in Sources */,
				B1234567890123456789NM02 /* NutritionModels.swift in Sources */,
				ABCDD6892EB51DEE0085890E /* WeeklySummarySheet.swift in Sources */,
				B1234567890123456789SM02 /* ScoringModels.swift in Sources */,
				B1234567890123456789HM02 /* HealthKitModels.swift in Sources */,
				B1234567890123456789UM02 /* UserModels.swift in Sources */,
				B1234567890123456789SE02 /* SearchModels.swift in Sources */,
				3AB0945DA7E34CDA8CF326D8 /* NutraSafe Beta/Views/Diary/DiaryComponents.swift in Sources */,
				B8C6385939B44D77AA09BE43 /* NutraSafe Beta/Views/Components/ActionButtons.swift in Sources */,
				5ACAC92CF0C24FA7A04AEB4F /* NutraSafe Beta/Views/Components/CustomTabBar.swift in Sources */,
				7B541C601DBA40B089B6FB04 /* NutraSafe Beta/Views/Components/AddActionMenu.swift in Sources */,
				A4F3F73658E143099BDCA612 /* NutraSafe Beta/Configuration/AppConfig.swift in Sources */,
				5DD311A374D74AC2BADCADC2 /* DiaryTabView.swift in Sources */,
				FDACD6EE052840C79A707950 /* AddTabView.swift in Sources */,
				99761F32D25B9DA7ED306333 /* AddFoodManualViews.swift in Sources */,
				AB9A79F62ECA773F00F7354A /* FastingSourcesView.swift in Sources */,
				E0D7A2553A41000A8C20AA18 /* FastingLiveActivity.swift in Sources */,
				EC0CE2C1561B24FEFEEB9408 /* UseByNotificationManager.swift in Sources */,
				79517406CCBD54CFEC482DB9 /* NutrientTrackingModels.swift in Sources */,
				B1234567890123456789FA02 /* FastingModels.swift in Sources */,
				FC60C4299246265536D0CF46 /* NutrientTrackingManager.swift in Sources */,
				55B790C73CA449989621A55B /* NutraSafe Beta/Models/ReactionLogModels.swift in Sources */,
				57D39094D959418DBEA2559C /* NutraSafe Beta/Managers/ReactionLogManager.swift in Sources */,
				AB6A8F070FF14DC49BA4BC80 /* NutraSafe Beta/Utils/ReactionPDFExporter.swift in Sources */,
				CACHEMGR001BUILD /* NutraSafe Beta/Utils/CacheManager.swift in Sources */,
				"9E5CB88F-07E2-4BD1-9C28-" /* FastingCitationsView.swift in Sources */,
				4F8520E48696407F923B1DDE /* CitationManager.swift in Sources */,
				5ECB934A5DD68AD8E7E741B0 /* FastingViewModel.swift in Sources */,
				1844CFD1E3BF18E3B1F4B94C /* FastingService.swift in Sources */,
				BF231388045111DFD57DEE3C /* FastingMainView.swift in Sources */,
				FASTREDESIGN001BUILD /* FastingRedesign.swift in Sources */,
				170B8500767E821043D1D6E5 /* FastingPlanViews.swift in Sources */,
				7FDF9EAC1D6C21BCED86078E /* FastingEducationView.swift in Sources */,
				F30EE587A7676BDEA5D95EC6 /* FastingInsightsView.swift in Sources */,
				ONBMGR0001BUILD /* Managers/OnboardingManager.swift in Sources */,
				WELCOMESCREEN001BUILD /* WelcomeScreenView.swift in Sources */,
				6522431C8ACB43E0B081B459 /* NutraSafe Beta/Utils/NutritionValidator.swift in Sources */,
				7BF76159A2A740F391B5A911 /* NutraSafe Beta/Utils/FirestoreTransactionHelper.swift in Sources */,
				226CBF05F11F465EB3B00335 /* NutraSafe Beta/Utils/SecureStorage.swift in Sources */,
				137DEFF6ED4844EDAB7A2667 /* NutraSafe Beta/Utils/PrivacyLogger.swift in Sources */,
				44D4C7FE8AA62D4D81116871 /* FastingConfirmationSheet.swift in Sources */,
				947EE7E17360015FB3D6CA3A /* AdditiveTrackerViewModel.swift in Sources */,
				C973728D093909131FEA7C28 /* AdditiveResearchDatabase.swift in Sources */,
				48DCC14357C3D077D4224FD2 /* AdditiveTrackerView.swift in Sources */,
				MEALMODELS001BUILD /* MealModels.swift in Sources */,
				MEALMANAGER001BUILD /* Managers/MealManager.swift in Sources */,
				MYMEALSVIEW001BUILD /* MyMealsView.swift in Sources */,
				CREATEMEALVIEW001BUILD /* CreateMealView.swift in Sources */,
				A385B4FE22517BF74B8A582F /* NutrientTrackingTypes.swift in Sources */,
				73C56727E489A7AACBFA399E /* DiarySegmentedControl.swift in Sources */,
				2B7CC4E96CFBEE795ABD9951 /* NutraSafeTipRow.swift in Sources */,
				A1B31A3BE469C0DBE4BF2B99 /* NutrientGapsView.swift in Sources */,
				BE43B1A4B3D845F3E0BC73CC /* NutrientDetailModal.swift in Sources */,
				ANALYTICS001BUILD /* Managers/AnalyticsManager.swift in Sources */,
				INFERREDINGMOD001BUILD /* InferredIngredientModels.swift in Sources */,
				INFERREDINGMGR001BUILD /* InferredIngredientManager.swift in Sources */,
				28291D8E59C24DBEEC0CB4B3 /* SearchNormalization.swift in Sources */,
				04FCA287EF973A67D3EC636D /* OnboardingTheme.swift in Sources */,
				17BDBE5F1F972B8D2A455AC1 /* OrganicShapes.swift in Sources */,
				2DA31381E3C0ED7887D04FBF /* PremiumOnboardingView.swift in Sources */,
				EXT0NBOARD001BUILD /* ExtendedOnboardingScreens.swift in Sources */,
				GOALSONBOARD001BUILD /* GoalsOnboardingScreens.swift in Sources */,
				5C276317BD666021E0680AC7 /* AppDesignSystem.swift in Sources */,
				6E87137381554C34FDC70BAE /* NutraSafeComponents.swift in Sources */,
				25DFD742946D899129F72798 /* NutraSafe Beta/Views/Diary/DiaryMetricCards.swift in Sources */,
				8C04CDFED59699D90D63C586 /* LogWeightView.swift in Sources */,
				F3DF752EB2C082AE0AB0A804 /* StrictMicronutrientValidator.swift in Sources */,
				FC5C2FC2DC01206CD686FC0A /* FoodDetailServingView.swift in Sources */,
				2826897CF17548B7F1D72811 /* FoodDetailNutritionCard.swift in Sources */,
				B5CB939963239BE0F60270BD /* FoodDetailScoresView.swift in Sources */,
				3CD5ED2A7009D5658CCE69B2 /* FoodDetailWatchTabsView.swift in Sources */,
				2D021CE0E8AFA51E9667F28B /* InferredIngredientsSheet.swift in Sources */,
				95E64F490F3DB1B31AF866CB /* AdditiveRedesignedViews.swift in Sources */,
				0C4551C5730A736215535EFD /* UseByFoodDetailRedesigned.swift in Sources */,
				F5DFF32B3432CF2A5E39C270 /* UseByAddRedesigned.swift in Sources */,
				72A23DAA2D85142593865470 /* UseByQuickAddRedesigned.swift in Sources */,
				59D0F3E5614E7E4490E26820 /* AdditivePatternView.swift in Sources */,
				F10BA9CAF86B4921A3EDDBEC /* AdditivePatternViewRedesigned.swift in Sources */,
				LASHHH39YGUIU5SBCPWAERQ5 /* NutraSafe Beta/Views/Food/LogReactionSheet.swift in Sources */,
			);
			runOnlyForDeploymentPostprocessing = 0;
		};
		ABA33D712F23000A006E4834 /* Sources */ = {
			isa = PBXSourcesBuildPhase;
			buildActionMask = 2147483647;
			files = (
			);
			runOnlyForDeploymentPostprocessing = 0;
		};
/* End PBXSourcesBuildPhase section */

/* Begin PBXTargetDependency section */
		ABA33D872F23000C006E4834 /* PBXTargetDependency */ = {
			isa = PBXTargetDependency;
			target = ABA33D742F23000A006E4834 /* NutraSafeWidgetsExtension */;
			targetProxy = ABA33D862F23000C006E4834 /* PBXContainerItemProxy */;
		};
/* End PBXTargetDependency section */

/* Begin XCBuildConfiguration section */
		A1234567890123456789012005 /* Debug */ = {
			isa = XCBuildConfiguration;
			buildSettings = {
				ALWAYS_SEARCH_USER_PATHS = NO;
				ASSETCATALOG_COMPILER_GENERATE_SWIFT_ASSET_SYMBOL_EXTENSIONS = YES;
				CLANG_ANALYZER_NONNULL = YES;
				CLANG_ANALYZER_NUMBER_OBJECT_CONVERSION = YES_AGGRESSIVE;
				CLANG_CXX_LANGUAGE_STANDARD = "gnu++20";
				CLANG_ENABLE_MODULES = YES;
				CLANG_ENABLE_OBJC_ARC = YES;
				CLANG_ENABLE_OBJC_WEAK = YES;
				CLANG_WARN_BLOCK_CAPTURE_AUTORELEASING = YES;
				CLANG_WARN_BOOL_CONVERSION = YES;
				CLANG_WARN_COMMA = YES;
				CLANG_WARN_CONSTANT_CONVERSION = YES;
				CLANG_WARN_DEPRECATED_OBJC_IMPLEMENTATIONS = YES;
				CLANG_WARN_DIRECT_OBJC_ISA_USAGE = YES_ERROR;
				CLANG_WARN_DOCUMENTATION_COMMENTS = YES;
				CLANG_WARN_EMPTY_BODY = YES;
				CLANG_WARN_ENUM_CONVERSION = YES;
				CLANG_WARN_INFINITE_RECURSION = YES;
				CLANG_WARN_INT_CONVERSION = YES;
				CLANG_WARN_NON_LITERAL_NULL_CONVERSION = YES;
				CLANG_WARN_OBJC_IMPLICIT_RETAIN_SELF = YES;
				CLANG_WARN_OBJC_LITERAL_CONVERSION = YES;
				CLANG_WARN_OBJC_ROOT_CLASS = YES_ERROR;
				CLANG_WARN_QUOTED_INCLUDE_IN_FRAMEWORK_HEADER = YES;
				CLANG_WARN_RANGE_LOOP_ANALYSIS = YES;
				CLANG_WARN_STRICT_PROTOTYPES = YES;
				CLANG_WARN_SUSPICIOUS_MOVE = YES;
				CLANG_WARN_UNGUARDED_AVAILABILITY = YES_AGGRESSIVE;
				CLANG_WARN_UNREACHABLE_CODE = YES;
				CLANG_WARN__DUPLICATE_METHOD_MATCH = YES;
				COPY_PHASE_STRIP = NO;
				DEBUG_INFORMATION_FORMAT = dwarf;
				DEVELOPMENT_TEAM = SYDWDN27FN;
				ENABLE_STRICT_OBJC_MSGSEND = YES;
				ENABLE_TESTABILITY = YES;
				ENABLE_USER_SCRIPT_SANDBOXING = YES;
				GCC_C_LANGUAGE_STANDARD = gnu17;
				GCC_DYNAMIC_NO_PIC = NO;
				GCC_NO_COMMON_BLOCKS = YES;
				GCC_OPTIMIZATION_LEVEL = 0;
				GCC_PREPROCESSOR_DEFINITIONS = (
					"DEBUG=1",
					"$(inherited)",
				);
				GCC_WARN_64_TO_32_BIT_CONVERSION = YES;
				GCC_WARN_ABOUT_RETURN_TYPE = YES_ERROR;
				GCC_WARN_UNDECLARED_SELECTOR = YES;
				GCC_WARN_UNINITIALIZED_AUTOS = YES_AGGRESSIVE;
				GCC_WARN_UNUSED_FUNCTION = YES;
				GCC_WARN_UNUSED_VARIABLE = YES;
				IPHONEOS_DEPLOYMENT_TARGET = 15.0;
				LOCALIZATION_PREFERS_STRING_CATALOGS = YES;
				MTL_ENABLE_DEBUG_INFO = INCLUDE_SOURCE;
				MTL_FAST_MATH = YES;
				ONLY_ACTIVE_ARCH = YES;
				SDKROOT = iphoneos;
				SWIFT_ACTIVE_COMPILATION_CONDITIONS = "DEBUG $(inherited)";
				SWIFT_OPTIMIZATION_LEVEL = "-Onone";
			};
			name = Debug;
		};
		A1234567890123456789012006 /* Release */ = {
			isa = XCBuildConfiguration;
			buildSettings = {
				ALWAYS_SEARCH_USER_PATHS = NO;
				ASSETCATALOG_COMPILER_GENERATE_SWIFT_ASSET_SYMBOL_EXTENSIONS = YES;
				CLANG_ANALYZER_NONNULL = YES;
				CLANG_ANALYZER_NUMBER_OBJECT_CONVERSION = YES_AGGRESSIVE;
				CLANG_CXX_LANGUAGE_STANDARD = "gnu++20";
				CLANG_ENABLE_MODULES = YES;
				CLANG_ENABLE_OBJC_ARC = YES;
				CLANG_ENABLE_OBJC_WEAK = YES;
				CLANG_WARN_BLOCK_CAPTURE_AUTORELEASING = YES;
				CLANG_WARN_BOOL_CONVERSION = YES;
				CLANG_WARN_COMMA = YES;
				CLANG_WARN_CONSTANT_CONVERSION = YES;
				CLANG_WARN_DEPRECATED_OBJC_IMPLEMENTATIONS = YES;
				CLANG_WARN_DIRECT_OBJC_ISA_USAGE = YES_ERROR;
				CLANG_WARN_DOCUMENTATION_COMMENTS = YES;
				CLANG_WARN_EMPTY_BODY = YES;
				CLANG_WARN_ENUM_CONVERSION = YES;
				CLANG_WARN_INFINITE_RECURSION = YES;
				CLANG_WARN_INT_CONVERSION = YES;
				CLANG_WARN_NON_LITERAL_NULL_CONVERSION = YES;
				CLANG_WARN_OBJC_IMPLICIT_RETAIN_SELF = YES;
				CLANG_WARN_OBJC_LITERAL_CONVERSION = YES;
				CLANG_WARN_OBJC_ROOT_CLASS = YES_ERROR;
				CLANG_WARN_QUOTED_INCLUDE_IN_FRAMEWORK_HEADER = YES;
				CLANG_WARN_RANGE_LOOP_ANALYSIS = YES;
				CLANG_WARN_STRICT_PROTOTYPES = YES;
				CLANG_WARN_SUSPICIOUS_MOVE = YES;
				CLANG_WARN_UNGUARDED_AVAILABILITY = YES_AGGRESSIVE;
				CLANG_WARN_UNREACHABLE_CODE = YES;
				CLANG_WARN__DUPLICATE_METHOD_MATCH = YES;
				COPY_PHASE_STRIP = NO;
				DEBUG_INFORMATION_FORMAT = "dwarf-with-dsym";
				DEVELOPMENT_TEAM = SYDWDN27FN;
				ENABLE_NS_ASSERTIONS = NO;
				ENABLE_STRICT_OBJC_MSGSEND = YES;
				ENABLE_USER_SCRIPT_SANDBOXING = YES;
				GCC_C_LANGUAGE_STANDARD = gnu17;
				GCC_NO_COMMON_BLOCKS = YES;
				GCC_WARN_64_TO_32_BIT_CONVERSION = YES;
				GCC_WARN_ABOUT_RETURN_TYPE = YES_ERROR;
				GCC_WARN_UNDECLARED_SELECTOR = YES;
				GCC_WARN_UNINITIALIZED_AUTOS = YES_AGGRESSIVE;
				GCC_WARN_UNUSED_FUNCTION = YES;
				GCC_WARN_UNUSED_VARIABLE = YES;
				IPHONEOS_DEPLOYMENT_TARGET = 15.0;
				LOCALIZATION_PREFERS_STRING_CATALOGS = YES;
				MTL_ENABLE_DEBUG_INFO = NO;
				MTL_FAST_MATH = YES;
				SDKROOT = iphoneos;
				SWIFT_COMPILATION_MODE = wholemodule;
				VALIDATE_PRODUCT = YES;
			};
			name = Release;
		};
		A1234567890123456789012008 /* Debug */ = {
			isa = XCBuildConfiguration;
			buildSettings = {
				ASSETCATALOG_COMPILER_APPICON_NAME = AppIcon;
				ASSETCATALOG_COMPILER_GLOBAL_ACCENT_COLOR_NAME = AccentColor;
				CODE_SIGN_ENTITLEMENTS = "NutraSafe Beta/NutraSafe BetaDebug.entitlements";
				CODE_SIGN_IDENTITY = "Apple Development";
				CODE_SIGN_STYLE = Automatic;
				CURRENT_PROJECT_VERSION = 2;
				DEVELOPMENT_ASSET_PATHS = "";
				DEVELOPMENT_TEAM = SYDWDN27FN;
				ENABLE_PREVIEWS = NO;
				GENERATE_INFOPLIST_FILE = YES;
				INFOPLIST_KEY_CFBundleDisplayName = NutraSafe;
				INFOPLIST_KEY_ITSAppUsesNonExemptEncryption = NO;
				INFOPLIST_KEY_LSApplicationCategoryType = "public.app-category.food-and-drink";
				INFOPLIST_KEY_NSCameraUsageDescription = "This app needs camera access to scan product barcodes for nutrition information.";
				INFOPLIST_KEY_NSHealthShareUsageDescription = "NutraSafe needs access to your exercise calories to provide accurate nutrition tracking and recommendations.";
				INFOPLIST_KEY_NSHealthUpdateUsageDescription = "NutraSafe needs to write nutrition data to your Health app to track your daily intake and provide comprehensive health insights.";
				INFOPLIST_KEY_NSSupportsLiveActivities = YES;
				INFOPLIST_KEY_UIApplicationSceneManifest_Generation = YES;
				INFOPLIST_KEY_UIApplicationSupportsIndirectInputEvents = YES;
				INFOPLIST_KEY_UILaunchScreen_Generation = YES;
				INFOPLIST_KEY_UISupportedInterfaceOrientations = UIInterfaceOrientationPortrait;
				INFOPLIST_KEY_UISupportedInterfaceOrientations_iPad = "UIInterfaceOrientationLandscapeLeft UIInterfaceOrientationLandscapeRight UIInterfaceOrientationPortrait UIInterfaceOrientationPortraitUpsideDown";
				IPHONEOS_DEPLOYMENT_TARGET = 17.0;
				LD_RUNPATH_SEARCH_PATHS = (
					"$(inherited)",
					"@executable_path/Frameworks",
				);
				MARKETING_VERSION = 1.2.9;
				PRODUCT_BUNDLE_IDENTIFIER = com.nutrasafe.beta;
				PRODUCT_NAME = "$(TARGET_NAME)";
				PROVISIONING_PROFILE_SPECIFIER = "";
				SWIFT_EMIT_LOC_STRINGS = YES;
				SWIFT_VERSION = 5.0;
				TARGETED_DEVICE_FAMILY = "1,2";
			};
			name = Debug;
		};
		A1234567890123456789012009 /* Release */ = {
			isa = XCBuildConfiguration;
			buildSettings = {
				ASSETCATALOG_COMPILER_APPICON_NAME = AppIcon;
				ASSETCATALOG_COMPILER_GLOBAL_ACCENT_COLOR_NAME = AccentColor;
				CODE_SIGN_ENTITLEMENTS = "NutraSafe Beta/NutraSafe Beta.entitlements";
				CODE_SIGN_IDENTITY = "Apple Development";
				CODE_SIGN_STYLE = Automatic;
				CURRENT_PROJECT_VERSION = 2;
				DEVELOPMENT_ASSET_PATHS = "";
				DEVELOPMENT_TEAM = SYDWDN27FN;
				ENABLE_PREVIEWS = NO;
				GENERATE_INFOPLIST_FILE = YES;
				INFOPLIST_KEY_CFBundleDisplayName = NutraSafe;
				INFOPLIST_KEY_ITSAppUsesNonExemptEncryption = NO;
				INFOPLIST_KEY_LSApplicationCategoryType = "public.app-category.food-and-drink";
				INFOPLIST_KEY_NSCameraUsageDescription = "This app needs camera access to scan product barcodes for nutrition information.";
				INFOPLIST_KEY_NSHealthShareUsageDescription = "NutraSafe needs access to your exercise calories to provide accurate nutrition tracking and recommendations.";
				INFOPLIST_KEY_NSHealthUpdateUsageDescription = "NutraSafe needs to write nutrition data to your Health app to track your daily intake and provide comprehensive health insights.";
				INFOPLIST_KEY_NSSupportsLiveActivities = YES;
				INFOPLIST_KEY_UIApplicationSceneManifest_Generation = YES;
				INFOPLIST_KEY_UIApplicationSupportsIndirectInputEvents = YES;
				INFOPLIST_KEY_UILaunchScreen_Generation = YES;
				INFOPLIST_KEY_UISupportedInterfaceOrientations = UIInterfaceOrientationPortrait;
				INFOPLIST_KEY_UISupportedInterfaceOrientations_iPad = "UIInterfaceOrientationLandscapeLeft UIInterfaceOrientationLandscapeRight UIInterfaceOrientationPortrait UIInterfaceOrientationPortraitUpsideDown";
				IPHONEOS_DEPLOYMENT_TARGET = 17.0;
				LD_RUNPATH_SEARCH_PATHS = (
					"$(inherited)",
					"@executable_path/Frameworks",
				);
				MARKETING_VERSION = 1.2.9;
				PRODUCT_BUNDLE_IDENTIFIER = com.nutrasafe.beta;
				PRODUCT_NAME = "$(TARGET_NAME)";
				PROVISIONING_PROFILE_SPECIFIER = "";
				SWIFT_EMIT_LOC_STRINGS = YES;
				SWIFT_VERSION = 5.0;
				TARGETED_DEVICE_FAMILY = "1,2";
			};
			name = Release;
		};
		ABA33D8A2F23000C006E4834 /* Debug */ = {
			isa = XCBuildConfiguration;
			buildSettings = {
				ASSETCATALOG_COMPILER_GLOBAL_ACCENT_COLOR_NAME = AccentColor;
				ASSETCATALOG_COMPILER_WIDGET_BACKGROUND_COLOR_NAME = WidgetBackground;
				CODE_SIGN_ENTITLEMENTS = NutraSafeWidgetsExtension.entitlements;
				CODE_SIGN_IDENTITY = "Apple Development";
				CODE_SIGN_STYLE = Automatic;
				CURRENT_PROJECT_VERSION = 2;
				DEVELOPMENT_TEAM = SYDWDN27FN;
				GENERATE_INFOPLIST_FILE = YES;
				INFOPLIST_FILE = NutraSafeWidgets/Info.plist;
				INFOPLIST_KEY_CFBundleDisplayName = NutraSafeWidgets;
				INFOPLIST_KEY_NSHumanReadableCopyright = "";
				IPHONEOS_DEPLOYMENT_TARGET = 18.6;
				LD_RUNPATH_SEARCH_PATHS = (
					"$(inherited)",
					"@executable_path/Frameworks",
					"@executable_path/../../Frameworks",
				);
				MARKETING_VERSION = 1.2.9;
				PRODUCT_BUNDLE_IDENTIFIER = com.nutrasafe.beta.NutraSafeWidgets;
				PRODUCT_NAME = "$(TARGET_NAME)";
				SKIP_INSTALL = YES;
				STRING_CATALOG_GENERATE_SYMBOLS = YES;
				SWIFT_APPROACHABLE_CONCURRENCY = YES;
				SWIFT_EMIT_LOC_STRINGS = YES;
				SWIFT_UPCOMING_FEATURE_MEMBER_IMPORT_VISIBILITY = YES;
				SWIFT_VERSION = 5.0;
				TARGETED_DEVICE_FAMILY = "1,2";
			};
			name = Debug;
		};
		ABA33D8B2F23000C006E4834 /* Release */ = {
			isa = XCBuildConfiguration;
			buildSettings = {
				ASSETCATALOG_COMPILER_GLOBAL_ACCENT_COLOR_NAME = AccentColor;
				ASSETCATALOG_COMPILER_WIDGET_BACKGROUND_COLOR_NAME = WidgetBackground;
				CODE_SIGN_ENTITLEMENTS = NutraSafeWidgetsExtension.entitlements;
				CODE_SIGN_IDENTITY = "Apple Development";
				CODE_SIGN_STYLE = Automatic;
				CURRENT_PROJECT_VERSION = 2;
				DEVELOPMENT_TEAM = SYDWDN27FN;
				GENERATE_INFOPLIST_FILE = YES;
				INFOPLIST_FILE = NutraSafeWidgets/Info.plist;
				INFOPLIST_KEY_CFBundleDisplayName = NutraSafeWidgets;
				INFOPLIST_KEY_NSHumanReadableCopyright = "";
				IPHONEOS_DEPLOYMENT_TARGET = 18.6;
				LD_RUNPATH_SEARCH_PATHS = (
					"$(inherited)",
					"@executable_path/Frameworks",
					"@executable_path/../../Frameworks",
				);
				MARKETING_VERSION = 1.2.9;
				PRODUCT_BUNDLE_IDENTIFIER = com.nutrasafe.beta.NutraSafeWidgets;
				PRODUCT_NAME = "$(TARGET_NAME)";
				SKIP_INSTALL = YES;
				STRING_CATALOG_GENERATE_SYMBOLS = YES;
				SWIFT_APPROACHABLE_CONCURRENCY = YES;
				SWIFT_EMIT_LOC_STRINGS = YES;
				SWIFT_UPCOMING_FEATURE_MEMBER_IMPORT_VISIBILITY = YES;
				SWIFT_VERSION = 5.0;
				TARGETED_DEVICE_FAMILY = "1,2";
			};
			name = Release;
		};
/* End XCBuildConfiguration section */

/* Begin XCConfigurationList section */
		A1234567890123456789011992 /* Build configuration list for PBXProject "NutraSafeBeta" */ = {
			isa = XCConfigurationList;
			buildConfigurations = (
				A1234567890123456789012005 /* Debug */,
				A1234567890123456789012006 /* Release */,
			);
			defaultConfigurationIsVisible = 0;
			defaultConfigurationName = Release;
		};
		A1234567890123456789012007 /* Build configuration list for PBXNativeTarget "NutraSafe Beta" */ = {
			isa = XCConfigurationList;
			buildConfigurations = (
				A1234567890123456789012008 /* Debug */,
				A1234567890123456789012009 /* Release */,
			);
			defaultConfigurationIsVisible = 0;
			defaultConfigurationName = Release;
		};
		ABA33D8D2F23000C006E4834 /* Build configuration list for PBXNativeTarget "NutraSafeWidgetsExtension" */ = {
			isa = XCConfigurationList;
			buildConfigurations = (
				ABA33D8A2F23000C006E4834 /* Debug */,
				ABA33D8B2F23000C006E4834 /* Release */,
			);
			defaultConfigurationIsVisible = 0;
			defaultConfigurationName = Release;
		};
/* End XCConfigurationList section */

/* Begin XCRemoteSwiftPackageReference section */
		AB4B75A52E72DD260058DCD3 /* XCRemoteSwiftPackageReference "firebase-ios-sdk" */ = {
			isa = XCRemoteSwiftPackageReference;
			repositoryURL = "https://github.com/firebase/firebase-ios-sdk";
			requirement = {
				kind = upToNextMajorVersion;
				minimumVersion = 12.2.0;
			};
		};
/* End XCRemoteSwiftPackageReference section */

/* Begin XCSwiftPackageProductDependency section */
		AB13BC1B2EAE253100C7B892 /* FirebaseFunctions */ = {
			isa = XCSwiftPackageProductDependency;
			package = AB4B75A52E72DD260058DCD3 /* XCRemoteSwiftPackageReference "firebase-ios-sdk" */;
			productName = FirebaseFunctions;
		};
		AB4B75A62E72DEF60058DCD3 /* FirebaseAuth */ = {
			isa = XCSwiftPackageProductDependency;
			package = AB4B75A52E72DD260058DCD3 /* XCRemoteSwiftPackageReference "firebase-ios-sdk" */;
			productName = FirebaseAuth;
		};
		AB4B75A82E72DEFC0058DCD3 /* FirebaseCore */ = {
			isa = XCSwiftPackageProductDependency;
			package = AB4B75A52E72DD260058DCD3 /* XCRemoteSwiftPackageReference "firebase-ios-sdk" */;
			productName = FirebaseCore;
		};
		AB4B75AA2E72DF020058DCD3 /* FirebaseFirestore */ = {
			isa = XCSwiftPackageProductDependency;
			package = AB4B75A52E72DD260058DCD3 /* XCRemoteSwiftPackageReference "firebase-ios-sdk" */;
			productName = FirebaseFirestore;
		};
		AB4B75AC2E72DF080058DCD3 /* FirebaseStorage */ = {
			isa = XCSwiftPackageProductDependency;
			package = AB4B75A52E72DD260058DCD3 /* XCRemoteSwiftPackageReference "firebase-ios-sdk" */;
			productName = FirebaseStorage;
		};
		AB6974AB2F1E3A7100F4D7DE /* FirebaseAnalytics */ = {
			isa = XCSwiftPackageProductDependency;
			package = AB4B75A52E72DD260058DCD3 /* XCRemoteSwiftPackageReference "firebase-ios-sdk" */;
			productName = FirebaseAnalytics;
		};
/* End XCSwiftPackageProductDependency section */
	};
	rootObject = A1234567890123456789011993 /* Project object */;
}
